// !$*UTF8*$!
{
	archiveVersion = 1;
	classes = {
	};
	objectVersion = 50;
	objects = {

/* Begin PBXBuildFile section */
		3FE363607CB5EBCC7A55C228 /* Pods_iOS_Challenge.framework in Frameworks */ = {isa = PBXBuildFile; fileRef = 04E7241439725F73E7A9B5E3 /* Pods_iOS_Challenge.framework */; };
		4923D13DDD8E5AACBBBCABB3 /* Pods_iOS_ChallengeTests.framework in Frameworks */ = {isa = PBXBuildFile; fileRef = E6AD493C03A8ED3FE83B407D /* Pods_iOS_ChallengeTests.framework */; };
		871D776D22DAE3F10062EDDE /* StockNavigationController.swift in Sources */ = {isa = PBXBuildFile; fileRef = 871D776C22DAE3F10062EDDE /* StockNavigationController.swift */; };
		871D777022DAE4540062EDDE /* StockNavBuilder.swift in Sources */ = {isa = PBXBuildFile; fileRef = 871D776F22DAE4540062EDDE /* StockNavBuilder.swift */; };
		871D777322DAE4D50062EDDE /* UserInfo.storyboard in Resources */ = {isa = PBXBuildFile; fileRef = 871D777222DAE4D50062EDDE /* UserInfo.storyboard */; };
		871D777522DAE54F0062EDDE /* UserInfoNavigationController.swift in Sources */ = {isa = PBXBuildFile; fileRef = 871D777422DAE54F0062EDDE /* UserInfoNavigationController.swift */; };
		871D777822DAE5F60062EDDE /* UserInfoNavBuilder.swift in Sources */ = {isa = PBXBuildFile; fileRef = 871D777722DAE5F60062EDDE /* UserInfoNavBuilder.swift */; };
		871E0D1C22D7BE5A00DB497B /* RealmInstance.swift in Sources */ = {isa = PBXBuildFile; fileRef = 871E0D1B22D7BE5A00DB497B /* RealmInstance.swift */; };
		871E0D1E22D7BF9300DB497B /* NSPredicate.swift in Sources */ = {isa = PBXBuildFile; fileRef = 871E0D1D22D7BF9300DB497B /* NSPredicate.swift */; };
		871E0D2022D7C02200DB497B /* QueryDataStore.swift in Sources */ = {isa = PBXBuildFile; fileRef = 871E0D1F22D7C02200DB497B /* QueryDataStore.swift */; };
		871E0D2222D7C09800DB497B /* SyncDataStore.swift in Sources */ = {isa = PBXBuildFile; fileRef = 871E0D2122D7C09800DB497B /* SyncDataStore.swift */; };
		871E0D2422D7C0B300DB497B /* AuthDataStore.swift in Sources */ = {isa = PBXBuildFile; fileRef = 871E0D2322D7C0B300DB497B /* AuthDataStore.swift */; };
		871E0D2622D7C0CF00DB497B /* AuthUseCase.swift in Sources */ = {isa = PBXBuildFile; fileRef = 871E0D2522D7C0CF00DB497B /* AuthUseCase.swift */; };
		871E0D2C22D7C23C00DB497B /* PresenterBase.swift in Sources */ = {isa = PBXBuildFile; fileRef = 871E0D2B22D7C23C00DB497B /* PresenterBase.swift */; };
		871E0D2F22D7C25700DB497B /* WireframeBase.swift in Sources */ = {isa = PBXBuildFile; fileRef = 871E0D2E22D7C25700DB497B /* WireframeBase.swift */; };
		871E0D3122D7C29500DB497B /* BuilderBase.swift in Sources */ = {isa = PBXBuildFile; fileRef = 871E0D3022D7C29500DB497B /* BuilderBase.swift */; };
		871E0D3322D8AED900DB497B /* UIColor+.swift in Sources */ = {isa = PBXBuildFile; fileRef = 871E0D3222D8AED900DB497B /* UIColor+.swift */; };
		871E0D3522D8B3B300DB497B /* LoginViewController.swift in Sources */ = {isa = PBXBuildFile; fileRef = 871E0D3422D8B3B300DB497B /* LoginViewController.swift */; };
		871E0D3722D8B3CB00DB497B /* LoginViewPresenter.swift in Sources */ = {isa = PBXBuildFile; fileRef = 871E0D3622D8B3CB00DB497B /* LoginViewPresenter.swift */; };
		871E0D3B22D8B56600DB497B /* LoginViewWireframe.swift in Sources */ = {isa = PBXBuildFile; fileRef = 871E0D3A22D8B56500DB497B /* LoginViewWireframe.swift */; };
		871E0D3D22D8B57E00DB497B /* LoginViewBuilder.swift in Sources */ = {isa = PBXBuildFile; fileRef = 871E0D3C22D8B57E00DB497B /* LoginViewBuilder.swift */; };
		871E0D3F22D8BBCF00DB497B /* AuthWebViewController.swift in Sources */ = {isa = PBXBuildFile; fileRef = 871E0D3E22D8BBCF00DB497B /* AuthWebViewController.swift */; };
		871E0D4122D8BBF600DB497B /* AuthWebViewPresenter.swift in Sources */ = {isa = PBXBuildFile; fileRef = 871E0D4022D8BBF600DB497B /* AuthWebViewPresenter.swift */; };
		871E0D4522D8BC5A00DB497B /* AuthWebViewBuilder.swift in Sources */ = {isa = PBXBuildFile; fileRef = 871E0D4422D8BC5A00DB497B /* AuthWebViewBuilder.swift */; };
		871E3F1E22D6C04000094CCA /* AppDelegate.swift in Sources */ = {isa = PBXBuildFile; fileRef = 871E3F1D22D6C04000094CCA /* AppDelegate.swift */; };
		871E3F2322D6C04000094CCA /* Main.storyboard in Resources */ = {isa = PBXBuildFile; fileRef = 871E3F2122D6C04000094CCA /* Main.storyboard */; };
		871E3F2522D6C04100094CCA /* Assets.xcassets in Resources */ = {isa = PBXBuildFile; fileRef = 871E3F2422D6C04100094CCA /* Assets.xcassets */; };
		871E3F2822D6C04100094CCA /* LaunchScreen.storyboard in Resources */ = {isa = PBXBuildFile; fileRef = 871E3F2622D6C04100094CCA /* LaunchScreen.storyboard */; };
		871E3F3322D6C04100094CCA /* iOS_ChallengeTests.swift in Sources */ = {isa = PBXBuildFile; fileRef = 871E3F3222D6C04100094CCA /* iOS_ChallengeTests.swift */; };
		871E3F3E22D6C04100094CCA /* iOS_ChallengeUITests.swift in Sources */ = {isa = PBXBuildFile; fileRef = 871E3F3D22D6C04100094CCA /* iOS_ChallengeUITests.swift */; };
		871E3F4D22D6C24600094CCA /* R.generated.swift in Sources */ = {isa = PBXBuildFile; fileRef = 871E3F4C22D6C24600094CCA /* R.generated.swift */; };
		8735876F22DAEAE600C9C6B9 /* ArticlesListViewController.swift in Sources */ = {isa = PBXBuildFile; fileRef = 8735876E22DAEAE600C9C6B9 /* ArticlesListViewController.swift */; };
		8735877222DAEC0600C9C6B9 /* ArticlesListViewPresenter.swift in Sources */ = {isa = PBXBuildFile; fileRef = 8735877122DAEC0600C9C6B9 /* ArticlesListViewPresenter.swift */; };
		8735877522DB076400C9C6B9 /* ArticlesListViewWireframe.swift in Sources */ = {isa = PBXBuildFile; fileRef = 8735877422DB076400C9C6B9 /* ArticlesListViewWireframe.swift */; };
		8735877722DB080F00C9C6B9 /* ArticlesListViewBuilder.swift in Sources */ = {isa = PBXBuildFile; fileRef = 8735877622DB080F00C9C6B9 /* ArticlesListViewBuilder.swift */; };
		8735877E22DB0AE500C9C6B9 /* ArticleOutlineCell.swift in Sources */ = {isa = PBXBuildFile; fileRef = 8735877C22DB0AE500C9C6B9 /* ArticleOutlineCell.swift */; };
		8735877F22DB0AE500C9C6B9 /* ArticleOutlineCell.xib in Resources */ = {isa = PBXBuildFile; fileRef = 8735877D22DB0AE500C9C6B9 /* ArticleOutlineCell.xib */; };
		8735878122DB111300C9C6B9 /* AuthorizedUserEntity.swift in Sources */ = {isa = PBXBuildFile; fileRef = 8735878022DB111300C9C6B9 /* AuthorizedUserEntity.swift */; };
		8735878322DB1C8D00C9C6B9 /* UserEntity.swift in Sources */ = {isa = PBXBuildFile; fileRef = 8735878222DB1C8D00C9C6B9 /* UserEntity.swift */; };
		8735878522DB1D2400C9C6B9 /* StockItemEntity.swift in Sources */ = {isa = PBXBuildFile; fileRef = 8735878422DB1D2400C9C6B9 /* StockItemEntity.swift */; };
		8735878922DB2B1200C9C6B9 /* ArticlesItemEntity.swift in Sources */ = {isa = PBXBuildFile; fileRef = 8735878822DB2B1200C9C6B9 /* ArticlesItemEntity.swift */; };
		8735878B22DB321E00C9C6B9 /* LikedUserEntity.swift in Sources */ = {isa = PBXBuildFile; fileRef = 8735878A22DB321E00C9C6B9 /* LikedUserEntity.swift */; };
		8735878D22DB346A00C9C6B9 /* Realm+.swift in Sources */ = {isa = PBXBuildFile; fileRef = 8735878C22DB346A00C9C6B9 /* Realm+.swift */; };
		8735878F22DB3BDE00C9C6B9 /* SyncUseCase.swift in Sources */ = {isa = PBXBuildFile; fileRef = 8735878E22DB3BDE00C9C6B9 /* SyncUseCase.swift */; };
		8735879122DB44D700C9C6B9 /* ArticlesUseCase.swift in Sources */ = {isa = PBXBuildFile; fileRef = 8735879022DB44D600C9C6B9 /* ArticlesUseCase.swift */; };
		875DBE2922DA451200D3EAE8 /* MainTabBarController.swift in Sources */ = {isa = PBXBuildFile; fileRef = 875DBE2822DA451200D3EAE8 /* MainTabBarController.swift */; };
		875DBE2B22DA45AF00D3EAE8 /* MainTabBarPresenter.swift in Sources */ = {isa = PBXBuildFile; fileRef = 875DBE2A22DA45AF00D3EAE8 /* MainTabBarPresenter.swift */; };
		875DBE2D22DA45E100D3EAE8 /* MainTabBarWireframe.swift in Sources */ = {isa = PBXBuildFile; fileRef = 875DBE2C22DA45E100D3EAE8 /* MainTabBarWireframe.swift */; };
		875DBE2F22DA461600D3EAE8 /* MainTabBarBuilder.swift in Sources */ = {isa = PBXBuildFile; fileRef = 875DBE2E22DA461600D3EAE8 /* MainTabBarBuilder.swift */; };
		875DBE3122DA4C9800D3EAE8 /* ArticlesNavigationController.swift in Sources */ = {isa = PBXBuildFile; fileRef = 875DBE3022DA4C9800D3EAE8 /* ArticlesNavigationController.swift */; };
		875DBE3322DA4DB800D3EAE8 /* ArticlesNavBuilder.swift in Sources */ = {isa = PBXBuildFile; fileRef = 875DBE3222DA4DB800D3EAE8 /* ArticlesNavBuilder.swift */; };
		875DBE3622DA4EF500D3EAE8 /* Articles.storyboard in Resources */ = {isa = PBXBuildFile; fileRef = 875DBE3522DA4EF500D3EAE8 /* Articles.storyboard */; };
		875DBE4022DA671400D3EAE8 /* SearchNavigationController.swift in Sources */ = {isa = PBXBuildFile; fileRef = 875DBE3F22DA671400D3EAE8 /* SearchNavigationController.swift */; };
		875DBE4222DA67BB00D3EAE8 /* Search.storyboard in Resources */ = {isa = PBXBuildFile; fileRef = 875DBE4122DA67BB00D3EAE8 /* Search.storyboard */; };
		875DBE4522DA680700D3EAE8 /* SearchNavBuilder.swift in Sources */ = {isa = PBXBuildFile; fileRef = 875DBE4422DA680700D3EAE8 /* SearchNavBuilder.swift */; };
		875DBE4722DADE4B00D3EAE8 /* AuthNavigationController.swift in Sources */ = {isa = PBXBuildFile; fileRef = 875DBE4622DADE4B00D3EAE8 /* AuthNavigationController.swift */; };
		875DBE4922DADEAF00D3EAE8 /* AuthNavBuilder.swift in Sources */ = {isa = PBXBuildFile; fileRef = 875DBE4822DADEAF00D3EAE8 /* AuthNavBuilder.swift */; };
		875DBE4D22DAE37A00D3EAE8 /* Stock.storyboard in Resources */ = {isa = PBXBuildFile; fileRef = 875DBE4C22DAE37A00D3EAE8 /* Stock.storyboard */; };
		8778E6BE22D731ED00D0B5F8 /* Api.swift in Sources */ = {isa = PBXBuildFile; fileRef = 8778E6BD22D731ED00D0B5F8 /* Api.swift */; };
		8778E6C122D73DAC00D0B5F8 /* URLConstants.swift in Sources */ = {isa = PBXBuildFile; fileRef = 8778E6C022D73DAC00D0B5F8 /* URLConstants.swift */; };
		8778E6C322D73F3400D0B5F8 /* KeyConstants.swift in Sources */ = {isa = PBXBuildFile; fileRef = 8778E6C222D73F3400D0B5F8 /* KeyConstants.swift */; };
		8778E6C522D741AB00D0B5F8 /* ApiService.swift in Sources */ = {isa = PBXBuildFile; fileRef = 8778E6C422D741AB00D0B5F8 /* ApiService.swift */; };
		8778E6C722D78A2B00D0B5F8 /* UserDefaults+.swift in Sources */ = {isa = PBXBuildFile; fileRef = 8778E6C622D78A2B00D0B5F8 /* UserDefaults+.swift */; };
		8792017B22DD5CD5005B354F /* stock_green.png in Resources */ = {isa = PBXBuildFile; fileRef = 8792017922DD5CD5005B354F /* stock_green.png */; };
		8792017C22DD5CD5005B354F /* good_green.png in Resources */ = {isa = PBXBuildFile; fileRef = 8792017A22DD5CD5005B354F /* good_green.png */; };
		8792017E22DD7351005B354F /* LikedUserViewController.swift in Sources */ = {isa = PBXBuildFile; fileRef = 8792017D22DD7351005B354F /* LikedUserViewController.swift */; };
		8792018022DD740D005B354F /* LikedUserViewPresenter.swift in Sources */ = {isa = PBXBuildFile; fileRef = 8792017F22DD740D005B354F /* LikedUserViewPresenter.swift */; };
		8792018622DD7642005B354F /* LikedUserViewBuilder.swift in Sources */ = {isa = PBXBuildFile; fileRef = 8792018522DD7642005B354F /* LikedUserViewBuilder.swift */; };
		8792018922DD79BE005B354F /* LikedUserCell.swift in Sources */ = {isa = PBXBuildFile; fileRef = 8792018722DD79BE005B354F /* LikedUserCell.swift */; };
		8792018A22DD79BE005B354F /* LikedUserCell.xib in Resources */ = {isa = PBXBuildFile; fileRef = 8792018822DD79BE005B354F /* LikedUserCell.xib */; };
		8792018D22DD9DBD005B354F /* liked_check.png in Resources */ = {isa = PBXBuildFile; fileRef = 8792018B22DD9DBD005B354F /* liked_check.png */; };
		8792018E22DD9DBD005B354F /* stocked_check.png in Resources */ = {isa = PBXBuildFile; fileRef = 8792018C22DD9DBD005B354F /* stocked_check.png */; };
		8792019022DDC443005B354F /* UserInfoViweController.swift in Sources */ = {isa = PBXBuildFile; fileRef = 8792018F22DDC443005B354F /* UserInfoViweController.swift */; };
		8792019322DDC500005B354F /* UserInfoViewPresenter.swift in Sources */ = {isa = PBXBuildFile; fileRef = 8792019222DDC500005B354F /* UserInfoViewPresenter.swift */; };
		8792019622DDC5F3005B354F /* UserInfoViewWireframe.swift in Sources */ = {isa = PBXBuildFile; fileRef = 8792019522DDC5F3005B354F /* UserInfoViewWireframe.swift */; };
		8792019822DDC6FF005B354F /* UserInfoViewBuilder.swift in Sources */ = {isa = PBXBuildFile; fileRef = 8792019722DDC6FF005B354F /* UserInfoViewBuilder.swift */; };
		8792019A22DDCBA1005B354F /* UserUseCase.swift in Sources */ = {isa = PBXBuildFile; fileRef = 8792019922DDCBA1005B354F /* UserUseCase.swift */; };
		8792019D22DDDA9B005B354F /* UserOutlineCell.swift in Sources */ = {isa = PBXBuildFile; fileRef = 8792019B22DDDA9B005B354F /* UserOutlineCell.swift */; };
		8792019E22DDDA9B005B354F /* UserOutlineCell.xib in Resources */ = {isa = PBXBuildFile; fileRef = 8792019C22DDDA9B005B354F /* UserOutlineCell.xib */; };
		879201A022DDFCD1005B354F /* SearchViewController.swift in Sources */ = {isa = PBXBuildFile; fileRef = 8792019F22DDFCD1005B354F /* SearchViewController.swift */; };
		879201A322DDFF95005B354F /* SearchViewPresenter.swift in Sources */ = {isa = PBXBuildFile; fileRef = 879201A222DDFF95005B354F /* SearchViewPresenter.swift */; };
		879201A622DE005E005B354F /* SearchViewWireframe.swift in Sources */ = {isa = PBXBuildFile; fileRef = 879201A522DE005E005B354F /* SearchViewWireframe.swift */; };
		879201A822DE00E5005B354F /* SearchViewBuilder.swift in Sources */ = {isa = PBXBuildFile; fileRef = 879201A722DE00E5005B354F /* SearchViewBuilder.swift */; };
		879201AA22DE081A005B354F /* TagDetaileEntity.swift in Sources */ = {isa = PBXBuildFile; fileRef = 879201A922DE081A005B354F /* TagDetaileEntity.swift */; };
		879BDE8022DB5143002CDD90 /* tag.png in Resources */ = {isa = PBXBuildFile; fileRef = 879BDE7F22DB5143002CDD90 /* tag.png */; };
		879BDE8322DB5F07002CDD90 /* LoadingCell.swift in Sources */ = {isa = PBXBuildFile; fileRef = 879BDE8122DB5F06002CDD90 /* LoadingCell.swift */; };
		879BDE8422DB5F07002CDD90 /* LoadingCell.xib in Resources */ = {isa = PBXBuildFile; fileRef = 879BDE8222DB5F06002CDD90 /* LoadingCell.xib */; };
		879BDE8622DB72A2002CDD90 /* ArticleDetailViewController.swift in Sources */ = {isa = PBXBuildFile; fileRef = 879BDE8522DB72A2002CDD90 /* ArticleDetailViewController.swift */; };
		879BDE8822DB7341002CDD90 /* ArticleDetailViewPresenter.swift in Sources */ = {isa = PBXBuildFile; fileRef = 879BDE8722DB7341002CDD90 /* ArticleDetailViewPresenter.swift */; };
		879BDE8A22DB73FD002CDD90 /* ArticleDetailViewWireframe.swift in Sources */ = {isa = PBXBuildFile; fileRef = 879BDE8922DB73FD002CDD90 /* ArticleDetailViewWireframe.swift */; };
		879BDE8C22DB74C3002CDD90 /* ArticleDetailViewBuilder.swift in Sources */ = {isa = PBXBuildFile; fileRef = 879BDE8B22DB74C3002CDD90 /* ArticleDetailViewBuilder.swift */; };
		879BDE8E22DB8B10002CDD90 /* tag_black.png in Resources */ = {isa = PBXBuildFile; fileRef = 879BDE8D22DB8B10002CDD90 /* tag_black.png */; };
		87A1B3E922DE1EFE003167EB /* SearchResultViewController.swift in Sources */ = {isa = PBXBuildFile; fileRef = 87A1B3E822DE1EFE003167EB /* SearchResultViewController.swift */; };
		87A1B3EB22DE1F7B003167EB /* SearchResultViewPresenter.swift in Sources */ = {isa = PBXBuildFile; fileRef = 87A1B3EA22DE1F7B003167EB /* SearchResultViewPresenter.swift */; };
		87A1B3ED22DE2062003167EB /* SearchResultViewWireframe.swift in Sources */ = {isa = PBXBuildFile; fileRef = 87A1B3EC22DE2062003167EB /* SearchResultViewWireframe.swift */; };
		87A1B3EF22DE20A3003167EB /* SearchResultViewBuilder.swift in Sources */ = {isa = PBXBuildFile; fileRef = 87A1B3EE22DE20A3003167EB /* SearchResultViewBuilder.swift */; };
		87B87E7322D8C6F300B351FD /* AuthWebViewWireframe.swift in Sources */ = {isa = PBXBuildFile; fileRef = 87B87E7222D8C6F300B351FD /* AuthWebViewWireframe.swift */; };
		87B87E7522D8F72800B351FD /* URL+.swift in Sources */ = {isa = PBXBuildFile; fileRef = 87B87E7422D8F72800B351FD /* URL+.swift */; };
		87C06F5722D793A300D0F40C /* APIEntity.swift in Sources */ = {isa = PBXBuildFile; fileRef = 87C06F5622D793A300D0F40C /* APIEntity.swift */; };
		F252E67D8A85A8C1C6FA3436 /* Pods_iOS_ChallengeUITests.framework in Frameworks */ = {isa = PBXBuildFile; fileRef = 6C3AF1DC53EEA12C7996205E /* Pods_iOS_ChallengeUITests.framework */; };
/* End PBXBuildFile section */

/* Begin PBXContainerItemProxy section */
		871E3F2F22D6C04100094CCA /* PBXContainerItemProxy */ = {
			isa = PBXContainerItemProxy;
			containerPortal = 871E3F1222D6C04000094CCA /* Project object */;
			proxyType = 1;
			remoteGlobalIDString = 871E3F1922D6C04000094CCA;
			remoteInfo = iOS_Challenge;
		};
		871E3F3A22D6C04100094CCA /* PBXContainerItemProxy */ = {
			isa = PBXContainerItemProxy;
			containerPortal = 871E3F1222D6C04000094CCA /* Project object */;
			proxyType = 1;
			remoteGlobalIDString = 871E3F1922D6C04000094CCA;
			remoteInfo = iOS_Challenge;
		};
/* End PBXContainerItemProxy section */

/* Begin PBXFileReference section */
		04E7241439725F73E7A9B5E3 /* Pods_iOS_Challenge.framework */ = {isa = PBXFileReference; explicitFileType = wrapper.framework; includeInIndex = 0; path = Pods_iOS_Challenge.framework; sourceTree = BUILT_PRODUCTS_DIR; };
		0E72889694B6C71DEB7EFB42 /* Pods-iOS_ChallengeUITests.release.xcconfig */ = {isa = PBXFileReference; includeInIndex = 1; lastKnownFileType = text.xcconfig; name = "Pods-iOS_ChallengeUITests.release.xcconfig"; path = "Pods/Target Support Files/Pods-iOS_ChallengeUITests/Pods-iOS_ChallengeUITests.release.xcconfig"; sourceTree = "<group>"; };
		59D629983CD29BB4E841D4C8 /* Pods-iOS_ChallengeTests.release.xcconfig */ = {isa = PBXFileReference; includeInIndex = 1; lastKnownFileType = text.xcconfig; name = "Pods-iOS_ChallengeTests.release.xcconfig"; path = "Pods/Target Support Files/Pods-iOS_ChallengeTests/Pods-iOS_ChallengeTests.release.xcconfig"; sourceTree = "<group>"; };
		6C3AF1DC53EEA12C7996205E /* Pods_iOS_ChallengeUITests.framework */ = {isa = PBXFileReference; explicitFileType = wrapper.framework; includeInIndex = 0; path = Pods_iOS_ChallengeUITests.framework; sourceTree = BUILT_PRODUCTS_DIR; };
		871D776C22DAE3F10062EDDE /* StockNavigationController.swift */ = {isa = PBXFileReference; lastKnownFileType = sourcecode.swift; path = StockNavigationController.swift; sourceTree = "<group>"; };
		871D776F22DAE4540062EDDE /* StockNavBuilder.swift */ = {isa = PBXFileReference; lastKnownFileType = sourcecode.swift; path = StockNavBuilder.swift; sourceTree = "<group>"; };
		871D777222DAE4D50062EDDE /* UserInfo.storyboard */ = {isa = PBXFileReference; lastKnownFileType = file.storyboard; path = UserInfo.storyboard; sourceTree = "<group>"; };
		871D777422DAE54F0062EDDE /* UserInfoNavigationController.swift */ = {isa = PBXFileReference; lastKnownFileType = sourcecode.swift; path = UserInfoNavigationController.swift; sourceTree = "<group>"; };
		871D777722DAE5F60062EDDE /* UserInfoNavBuilder.swift */ = {isa = PBXFileReference; lastKnownFileType = sourcecode.swift; path = UserInfoNavBuilder.swift; sourceTree = "<group>"; };
		871E0D1B22D7BE5A00DB497B /* RealmInstance.swift */ = {isa = PBXFileReference; lastKnownFileType = sourcecode.swift; path = RealmInstance.swift; sourceTree = "<group>"; };
		871E0D1D22D7BF9300DB497B /* NSPredicate.swift */ = {isa = PBXFileReference; lastKnownFileType = sourcecode.swift; path = NSPredicate.swift; sourceTree = "<group>"; };
		871E0D1F22D7C02200DB497B /* QueryDataStore.swift */ = {isa = PBXFileReference; lastKnownFileType = sourcecode.swift; path = QueryDataStore.swift; sourceTree = "<group>"; };
		871E0D2122D7C09800DB497B /* SyncDataStore.swift */ = {isa = PBXFileReference; lastKnownFileType = sourcecode.swift; path = SyncDataStore.swift; sourceTree = "<group>"; };
		871E0D2322D7C0B300DB497B /* AuthDataStore.swift */ = {isa = PBXFileReference; lastKnownFileType = sourcecode.swift; path = AuthDataStore.swift; sourceTree = "<group>"; };
		871E0D2522D7C0CF00DB497B /* AuthUseCase.swift */ = {isa = PBXFileReference; lastKnownFileType = sourcecode.swift; path = AuthUseCase.swift; sourceTree = "<group>"; };
		871E0D2B22D7C23C00DB497B /* PresenterBase.swift */ = {isa = PBXFileReference; lastKnownFileType = sourcecode.swift; path = PresenterBase.swift; sourceTree = "<group>"; };
		871E0D2E22D7C25700DB497B /* WireframeBase.swift */ = {isa = PBXFileReference; lastKnownFileType = sourcecode.swift; path = WireframeBase.swift; sourceTree = "<group>"; };
		871E0D3022D7C29500DB497B /* BuilderBase.swift */ = {isa = PBXFileReference; lastKnownFileType = sourcecode.swift; path = BuilderBase.swift; sourceTree = "<group>"; };
		871E0D3222D8AED900DB497B /* UIColor+.swift */ = {isa = PBXFileReference; lastKnownFileType = sourcecode.swift; path = "UIColor+.swift"; sourceTree = "<group>"; };
		871E0D3422D8B3B300DB497B /* LoginViewController.swift */ = {isa = PBXFileReference; lastKnownFileType = sourcecode.swift; path = LoginViewController.swift; sourceTree = "<group>"; };
		871E0D3622D8B3CB00DB497B /* LoginViewPresenter.swift */ = {isa = PBXFileReference; lastKnownFileType = sourcecode.swift; path = LoginViewPresenter.swift; sourceTree = "<group>"; };
		871E0D3A22D8B56500DB497B /* LoginViewWireframe.swift */ = {isa = PBXFileReference; lastKnownFileType = sourcecode.swift; path = LoginViewWireframe.swift; sourceTree = "<group>"; };
		871E0D3C22D8B57E00DB497B /* LoginViewBuilder.swift */ = {isa = PBXFileReference; lastKnownFileType = sourcecode.swift; path = LoginViewBuilder.swift; sourceTree = "<group>"; };
		871E0D3E22D8BBCF00DB497B /* AuthWebViewController.swift */ = {isa = PBXFileReference; lastKnownFileType = sourcecode.swift; path = AuthWebViewController.swift; sourceTree = "<group>"; };
		871E0D4022D8BBF600DB497B /* AuthWebViewPresenter.swift */ = {isa = PBXFileReference; lastKnownFileType = sourcecode.swift; path = AuthWebViewPresenter.swift; sourceTree = "<group>"; };
		871E0D4422D8BC5A00DB497B /* AuthWebViewBuilder.swift */ = {isa = PBXFileReference; lastKnownFileType = sourcecode.swift; path = AuthWebViewBuilder.swift; sourceTree = "<group>"; };
		871E3F1A22D6C04000094CCA /* iOS_Challenge.app */ = {isa = PBXFileReference; explicitFileType = wrapper.application; includeInIndex = 0; path = iOS_Challenge.app; sourceTree = BUILT_PRODUCTS_DIR; };
		871E3F1D22D6C04000094CCA /* AppDelegate.swift */ = {isa = PBXFileReference; lastKnownFileType = sourcecode.swift; path = AppDelegate.swift; sourceTree = "<group>"; };
		871E3F2222D6C04000094CCA /* Base */ = {isa = PBXFileReference; lastKnownFileType = file.storyboard; name = Base; path = Base.lproj/Main.storyboard; sourceTree = "<group>"; };
		871E3F2422D6C04100094CCA /* Assets.xcassets */ = {isa = PBXFileReference; lastKnownFileType = folder.assetcatalog; path = Assets.xcassets; sourceTree = "<group>"; };
		871E3F2722D6C04100094CCA /* Base */ = {isa = PBXFileReference; lastKnownFileType = file.storyboard; name = Base; path = Base.lproj/LaunchScreen.storyboard; sourceTree = "<group>"; };
		871E3F2922D6C04100094CCA /* Info.plist */ = {isa = PBXFileReference; lastKnownFileType = text.plist.xml; path = Info.plist; sourceTree = "<group>"; };
		871E3F2E22D6C04100094CCA /* iOS_ChallengeTests.xctest */ = {isa = PBXFileReference; explicitFileType = wrapper.cfbundle; includeInIndex = 0; path = iOS_ChallengeTests.xctest; sourceTree = BUILT_PRODUCTS_DIR; };
		871E3F3222D6C04100094CCA /* iOS_ChallengeTests.swift */ = {isa = PBXFileReference; lastKnownFileType = sourcecode.swift; path = iOS_ChallengeTests.swift; sourceTree = "<group>"; };
		871E3F3422D6C04100094CCA /* Info.plist */ = {isa = PBXFileReference; lastKnownFileType = text.plist.xml; path = Info.plist; sourceTree = "<group>"; };
		871E3F3922D6C04100094CCA /* iOS_ChallengeUITests.xctest */ = {isa = PBXFileReference; explicitFileType = wrapper.cfbundle; includeInIndex = 0; path = iOS_ChallengeUITests.xctest; sourceTree = BUILT_PRODUCTS_DIR; };
		871E3F3D22D6C04100094CCA /* iOS_ChallengeUITests.swift */ = {isa = PBXFileReference; lastKnownFileType = sourcecode.swift; path = iOS_ChallengeUITests.swift; sourceTree = "<group>"; };
		871E3F3F22D6C04100094CCA /* Info.plist */ = {isa = PBXFileReference; lastKnownFileType = text.plist.xml; path = Info.plist; sourceTree = "<group>"; };
		871E3F4C22D6C24600094CCA /* R.generated.swift */ = {isa = PBXFileReference; fileEncoding = 4; lastKnownFileType = sourcecode.swift; path = R.generated.swift; sourceTree = SOURCE_ROOT; };
		8735876E22DAEAE600C9C6B9 /* ArticlesListViewController.swift */ = {isa = PBXFileReference; lastKnownFileType = sourcecode.swift; path = ArticlesListViewController.swift; sourceTree = "<group>"; };
		8735877122DAEC0600C9C6B9 /* ArticlesListViewPresenter.swift */ = {isa = PBXFileReference; lastKnownFileType = sourcecode.swift; path = ArticlesListViewPresenter.swift; sourceTree = "<group>"; };
		8735877422DB076400C9C6B9 /* ArticlesListViewWireframe.swift */ = {isa = PBXFileReference; lastKnownFileType = sourcecode.swift; path = ArticlesListViewWireframe.swift; sourceTree = "<group>"; };
		8735877622DB080F00C9C6B9 /* ArticlesListViewBuilder.swift */ = {isa = PBXFileReference; lastKnownFileType = sourcecode.swift; path = ArticlesListViewBuilder.swift; sourceTree = "<group>"; };
		8735877C22DB0AE500C9C6B9 /* ArticleOutlineCell.swift */ = {isa = PBXFileReference; lastKnownFileType = sourcecode.swift; path = ArticleOutlineCell.swift; sourceTree = "<group>"; };
		8735877D22DB0AE500C9C6B9 /* ArticleOutlineCell.xib */ = {isa = PBXFileReference; lastKnownFileType = file.xib; path = ArticleOutlineCell.xib; sourceTree = "<group>"; };
		8735878022DB111300C9C6B9 /* AuthorizedUserEntity.swift */ = {isa = PBXFileReference; lastKnownFileType = sourcecode.swift; path = AuthorizedUserEntity.swift; sourceTree = "<group>"; };
		8735878222DB1C8D00C9C6B9 /* UserEntity.swift */ = {isa = PBXFileReference; lastKnownFileType = sourcecode.swift; path = UserEntity.swift; sourceTree = "<group>"; };
		8735878422DB1D2400C9C6B9 /* StockItemEntity.swift */ = {isa = PBXFileReference; lastKnownFileType = sourcecode.swift; path = StockItemEntity.swift; sourceTree = "<group>"; };
		8735878822DB2B1200C9C6B9 /* ArticlesItemEntity.swift */ = {isa = PBXFileReference; lastKnownFileType = sourcecode.swift; path = ArticlesItemEntity.swift; sourceTree = "<group>"; };
		8735878A22DB321E00C9C6B9 /* LikedUserEntity.swift */ = {isa = PBXFileReference; lastKnownFileType = sourcecode.swift; path = LikedUserEntity.swift; sourceTree = "<group>"; };
		8735878C22DB346A00C9C6B9 /* Realm+.swift */ = {isa = PBXFileReference; lastKnownFileType = sourcecode.swift; path = "Realm+.swift"; sourceTree = "<group>"; };
		8735878E22DB3BDE00C9C6B9 /* SyncUseCase.swift */ = {isa = PBXFileReference; lastKnownFileType = sourcecode.swift; path = SyncUseCase.swift; sourceTree = "<group>"; };
		8735879022DB44D600C9C6B9 /* ArticlesUseCase.swift */ = {isa = PBXFileReference; lastKnownFileType = sourcecode.swift; path = ArticlesUseCase.swift; sourceTree = "<group>"; };
		875DBE2822DA451200D3EAE8 /* MainTabBarController.swift */ = {isa = PBXFileReference; lastKnownFileType = sourcecode.swift; path = MainTabBarController.swift; sourceTree = "<group>"; };
		875DBE2A22DA45AF00D3EAE8 /* MainTabBarPresenter.swift */ = {isa = PBXFileReference; lastKnownFileType = sourcecode.swift; path = MainTabBarPresenter.swift; sourceTree = "<group>"; };
		875DBE2C22DA45E100D3EAE8 /* MainTabBarWireframe.swift */ = {isa = PBXFileReference; lastKnownFileType = sourcecode.swift; path = MainTabBarWireframe.swift; sourceTree = "<group>"; };
		875DBE2E22DA461600D3EAE8 /* MainTabBarBuilder.swift */ = {isa = PBXFileReference; lastKnownFileType = sourcecode.swift; path = MainTabBarBuilder.swift; sourceTree = "<group>"; };
		875DBE3022DA4C9800D3EAE8 /* ArticlesNavigationController.swift */ = {isa = PBXFileReference; lastKnownFileType = sourcecode.swift; path = ArticlesNavigationController.swift; sourceTree = "<group>"; };
		875DBE3222DA4DB800D3EAE8 /* ArticlesNavBuilder.swift */ = {isa = PBXFileReference; lastKnownFileType = sourcecode.swift; path = ArticlesNavBuilder.swift; sourceTree = "<group>"; };
		875DBE3522DA4EF500D3EAE8 /* Articles.storyboard */ = {isa = PBXFileReference; lastKnownFileType = file.storyboard; path = Articles.storyboard; sourceTree = "<group>"; };
		875DBE3F22DA671400D3EAE8 /* SearchNavigationController.swift */ = {isa = PBXFileReference; lastKnownFileType = sourcecode.swift; path = SearchNavigationController.swift; sourceTree = "<group>"; };
		875DBE4122DA67BB00D3EAE8 /* Search.storyboard */ = {isa = PBXFileReference; lastKnownFileType = file.storyboard; path = Search.storyboard; sourceTree = "<group>"; };
		875DBE4422DA680700D3EAE8 /* SearchNavBuilder.swift */ = {isa = PBXFileReference; lastKnownFileType = sourcecode.swift; path = SearchNavBuilder.swift; sourceTree = "<group>"; };
		875DBE4622DADE4B00D3EAE8 /* AuthNavigationController.swift */ = {isa = PBXFileReference; lastKnownFileType = sourcecode.swift; path = AuthNavigationController.swift; sourceTree = "<group>"; };
		875DBE4822DADEAF00D3EAE8 /* AuthNavBuilder.swift */ = {isa = PBXFileReference; lastKnownFileType = sourcecode.swift; path = AuthNavBuilder.swift; sourceTree = "<group>"; };
		875DBE4C22DAE37A00D3EAE8 /* Stock.storyboard */ = {isa = PBXFileReference; lastKnownFileType = file.storyboard; path = Stock.storyboard; sourceTree = "<group>"; };
		8778E6BD22D731ED00D0B5F8 /* Api.swift */ = {isa = PBXFileReference; lastKnownFileType = sourcecode.swift; path = Api.swift; sourceTree = "<group>"; };
		8778E6C022D73DAC00D0B5F8 /* URLConstants.swift */ = {isa = PBXFileReference; lastKnownFileType = sourcecode.swift; path = URLConstants.swift; sourceTree = "<group>"; };
		8778E6C222D73F3400D0B5F8 /* KeyConstants.swift */ = {isa = PBXFileReference; lastKnownFileType = sourcecode.swift; path = KeyConstants.swift; sourceTree = "<group>"; };
		8778E6C422D741AB00D0B5F8 /* ApiService.swift */ = {isa = PBXFileReference; lastKnownFileType = sourcecode.swift; path = ApiService.swift; sourceTree = "<group>"; };
		8778E6C622D78A2B00D0B5F8 /* UserDefaults+.swift */ = {isa = PBXFileReference; lastKnownFileType = sourcecode.swift; path = "UserDefaults+.swift"; sourceTree = "<group>"; };
		8792017922DD5CD5005B354F /* stock_green.png */ = {isa = PBXFileReference; lastKnownFileType = image.png; path = stock_green.png; sourceTree = "<group>"; };
		8792017A22DD5CD5005B354F /* good_green.png */ = {isa = PBXFileReference; lastKnownFileType = image.png; path = good_green.png; sourceTree = "<group>"; };
		8792017D22DD7351005B354F /* LikedUserViewController.swift */ = {isa = PBXFileReference; lastKnownFileType = sourcecode.swift; path = LikedUserViewController.swift; sourceTree = "<group>"; };
		8792017F22DD740D005B354F /* LikedUserViewPresenter.swift */ = {isa = PBXFileReference; lastKnownFileType = sourcecode.swift; path = LikedUserViewPresenter.swift; sourceTree = "<group>"; };
		8792018522DD7642005B354F /* LikedUserViewBuilder.swift */ = {isa = PBXFileReference; lastKnownFileType = sourcecode.swift; path = LikedUserViewBuilder.swift; sourceTree = "<group>"; };
		8792018722DD79BE005B354F /* LikedUserCell.swift */ = {isa = PBXFileReference; lastKnownFileType = sourcecode.swift; path = LikedUserCell.swift; sourceTree = "<group>"; };
		8792018822DD79BE005B354F /* LikedUserCell.xib */ = {isa = PBXFileReference; lastKnownFileType = file.xib; path = LikedUserCell.xib; sourceTree = "<group>"; };
		8792018B22DD9DBD005B354F /* liked_check.png */ = {isa = PBXFileReference; lastKnownFileType = image.png; path = liked_check.png; sourceTree = "<group>"; };
		8792018C22DD9DBD005B354F /* stocked_check.png */ = {isa = PBXFileReference; lastKnownFileType = image.png; path = stocked_check.png; sourceTree = "<group>"; };
		8792018F22DDC443005B354F /* UserInfoViweController.swift */ = {isa = PBXFileReference; lastKnownFileType = sourcecode.swift; path = UserInfoViweController.swift; sourceTree = "<group>"; };
		8792019222DDC500005B354F /* UserInfoViewPresenter.swift */ = {isa = PBXFileReference; lastKnownFileType = sourcecode.swift; path = UserInfoViewPresenter.swift; sourceTree = "<group>"; };
		8792019522DDC5F3005B354F /* UserInfoViewWireframe.swift */ = {isa = PBXFileReference; lastKnownFileType = sourcecode.swift; path = UserInfoViewWireframe.swift; sourceTree = "<group>"; };
		8792019722DDC6FF005B354F /* UserInfoViewBuilder.swift */ = {isa = PBXFileReference; lastKnownFileType = sourcecode.swift; path = UserInfoViewBuilder.swift; sourceTree = "<group>"; };
		8792019922DDCBA1005B354F /* UserUseCase.swift */ = {isa = PBXFileReference; lastKnownFileType = sourcecode.swift; path = UserUseCase.swift; sourceTree = "<group>"; };
		8792019B22DDDA9B005B354F /* UserOutlineCell.swift */ = {isa = PBXFileReference; lastKnownFileType = sourcecode.swift; path = UserOutlineCell.swift; sourceTree = "<group>"; };
		8792019C22DDDA9B005B354F /* UserOutlineCell.xib */ = {isa = PBXFileReference; lastKnownFileType = file.xib; path = UserOutlineCell.xib; sourceTree = "<group>"; };
		8792019F22DDFCD1005B354F /* SearchViewController.swift */ = {isa = PBXFileReference; lastKnownFileType = sourcecode.swift; path = SearchViewController.swift; sourceTree = "<group>"; };
		879201A222DDFF95005B354F /* SearchViewPresenter.swift */ = {isa = PBXFileReference; lastKnownFileType = sourcecode.swift; path = SearchViewPresenter.swift; sourceTree = "<group>"; };
		879201A522DE005E005B354F /* SearchViewWireframe.swift */ = {isa = PBXFileReference; lastKnownFileType = sourcecode.swift; path = SearchViewWireframe.swift; sourceTree = "<group>"; };
		879201A722DE00E5005B354F /* SearchViewBuilder.swift */ = {isa = PBXFileReference; lastKnownFileType = sourcecode.swift; path = SearchViewBuilder.swift; sourceTree = "<group>"; };
		879201A922DE081A005B354F /* TagDetaileEntity.swift */ = {isa = PBXFileReference; lastKnownFileType = sourcecode.swift; path = TagDetaileEntity.swift; sourceTree = "<group>"; };
		879BDE7F22DB5143002CDD90 /* tag.png */ = {isa = PBXFileReference; lastKnownFileType = image.png; path = tag.png; sourceTree = "<group>"; };
		879BDE8122DB5F06002CDD90 /* LoadingCell.swift */ = {isa = PBXFileReference; fileEncoding = 4; lastKnownFileType = sourcecode.swift; path = LoadingCell.swift; sourceTree = "<group>"; };
		879BDE8222DB5F06002CDD90 /* LoadingCell.xib */ = {isa = PBXFileReference; fileEncoding = 4; lastKnownFileType = file.xib; path = LoadingCell.xib; sourceTree = "<group>"; };
		879BDE8522DB72A2002CDD90 /* ArticleDetailViewController.swift */ = {isa = PBXFileReference; lastKnownFileType = sourcecode.swift; path = ArticleDetailViewController.swift; sourceTree = "<group>"; };
		879BDE8722DB7341002CDD90 /* ArticleDetailViewPresenter.swift */ = {isa = PBXFileReference; lastKnownFileType = sourcecode.swift; path = ArticleDetailViewPresenter.swift; sourceTree = "<group>"; };
		879BDE8922DB73FD002CDD90 /* ArticleDetailViewWireframe.swift */ = {isa = PBXFileReference; lastKnownFileType = sourcecode.swift; path = ArticleDetailViewWireframe.swift; sourceTree = "<group>"; };
		879BDE8B22DB74C3002CDD90 /* ArticleDetailViewBuilder.swift */ = {isa = PBXFileReference; lastKnownFileType = sourcecode.swift; path = ArticleDetailViewBuilder.swift; sourceTree = "<group>"; };
		879BDE8D22DB8B10002CDD90 /* tag_black.png */ = {isa = PBXFileReference; lastKnownFileType = image.png; path = tag_black.png; sourceTree = "<group>"; };
		87A1B3E822DE1EFE003167EB /* SearchResultViewController.swift */ = {isa = PBXFileReference; lastKnownFileType = sourcecode.swift; path = SearchResultViewController.swift; sourceTree = "<group>"; };
		87A1B3EA22DE1F7B003167EB /* SearchResultViewPresenter.swift */ = {isa = PBXFileReference; lastKnownFileType = sourcecode.swift; path = SearchResultViewPresenter.swift; sourceTree = "<group>"; };
		87A1B3EC22DE2062003167EB /* SearchResultViewWireframe.swift */ = {isa = PBXFileReference; lastKnownFileType = sourcecode.swift; path = SearchResultViewWireframe.swift; sourceTree = "<group>"; };
		87A1B3EE22DE20A3003167EB /* SearchResultViewBuilder.swift */ = {isa = PBXFileReference; lastKnownFileType = sourcecode.swift; path = SearchResultViewBuilder.swift; sourceTree = "<group>"; };
		87B87E7222D8C6F300B351FD /* AuthWebViewWireframe.swift */ = {isa = PBXFileReference; lastKnownFileType = sourcecode.swift; path = AuthWebViewWireframe.swift; sourceTree = "<group>"; };
		87B87E7422D8F72800B351FD /* URL+.swift */ = {isa = PBXFileReference; lastKnownFileType = sourcecode.swift; path = "URL+.swift"; sourceTree = "<group>"; };
		87C06F5622D793A300D0F40C /* APIEntity.swift */ = {isa = PBXFileReference; lastKnownFileType = sourcecode.swift; path = APIEntity.swift; sourceTree = "<group>"; };
		9C3D8544E106CE8173FA1753 /* Pods-iOS_Challenge.release.xcconfig */ = {isa = PBXFileReference; includeInIndex = 1; lastKnownFileType = text.xcconfig; name = "Pods-iOS_Challenge.release.xcconfig"; path = "Pods/Target Support Files/Pods-iOS_Challenge/Pods-iOS_Challenge.release.xcconfig"; sourceTree = "<group>"; };
		A54E5EF645682BCEFBDCAB49 /* Pods-iOS_ChallengeTests.debug.xcconfig */ = {isa = PBXFileReference; includeInIndex = 1; lastKnownFileType = text.xcconfig; name = "Pods-iOS_ChallengeTests.debug.xcconfig"; path = "Pods/Target Support Files/Pods-iOS_ChallengeTests/Pods-iOS_ChallengeTests.debug.xcconfig"; sourceTree = "<group>"; };
		AD5CF064AD10CC0B0ED24C39 /* Pods-iOS_ChallengeUITests.debug.xcconfig */ = {isa = PBXFileReference; includeInIndex = 1; lastKnownFileType = text.xcconfig; name = "Pods-iOS_ChallengeUITests.debug.xcconfig"; path = "Pods/Target Support Files/Pods-iOS_ChallengeUITests/Pods-iOS_ChallengeUITests.debug.xcconfig"; sourceTree = "<group>"; };
		D967E6A5579338E9A3B72D25 /* Pods-iOS_Challenge.debug.xcconfig */ = {isa = PBXFileReference; includeInIndex = 1; lastKnownFileType = text.xcconfig; name = "Pods-iOS_Challenge.debug.xcconfig"; path = "Pods/Target Support Files/Pods-iOS_Challenge/Pods-iOS_Challenge.debug.xcconfig"; sourceTree = "<group>"; };
		E6AD493C03A8ED3FE83B407D /* Pods_iOS_ChallengeTests.framework */ = {isa = PBXFileReference; explicitFileType = wrapper.framework; includeInIndex = 0; path = Pods_iOS_ChallengeTests.framework; sourceTree = BUILT_PRODUCTS_DIR; };
/* End PBXFileReference section */

/* Begin PBXFrameworksBuildPhase section */
		871E3F1722D6C04000094CCA /* Frameworks */ = {
			isa = PBXFrameworksBuildPhase;
			buildActionMask = 2147483647;
			files = (
				3FE363607CB5EBCC7A55C228 /* Pods_iOS_Challenge.framework in Frameworks */,
			);
			runOnlyForDeploymentPostprocessing = 0;
		};
		871E3F2B22D6C04100094CCA /* Frameworks */ = {
			isa = PBXFrameworksBuildPhase;
			buildActionMask = 2147483647;
			files = (
				4923D13DDD8E5AACBBBCABB3 /* Pods_iOS_ChallengeTests.framework in Frameworks */,
			);
			runOnlyForDeploymentPostprocessing = 0;
		};
		871E3F3622D6C04100094CCA /* Frameworks */ = {
			isa = PBXFrameworksBuildPhase;
			buildActionMask = 2147483647;
			files = (
				F252E67D8A85A8C1C6FA3436 /* Pods_iOS_ChallengeUITests.framework in Frameworks */,
			);
			runOnlyForDeploymentPostprocessing = 0;
		};
/* End PBXFrameworksBuildPhase section */

/* Begin PBXGroup section */
		7837C9B6B4F08FEC91979F8E /* Pods */ = {
			isa = PBXGroup;
			children = (
				D967E6A5579338E9A3B72D25 /* Pods-iOS_Challenge.debug.xcconfig */,
				9C3D8544E106CE8173FA1753 /* Pods-iOS_Challenge.release.xcconfig */,
				A54E5EF645682BCEFBDCAB49 /* Pods-iOS_ChallengeTests.debug.xcconfig */,
				59D629983CD29BB4E841D4C8 /* Pods-iOS_ChallengeTests.release.xcconfig */,
				AD5CF064AD10CC0B0ED24C39 /* Pods-iOS_ChallengeUITests.debug.xcconfig */,
				0E72889694B6C71DEB7EFB42 /* Pods-iOS_ChallengeUITests.release.xcconfig */,
			);
			name = Pods;
			sourceTree = "<group>";
		};
		837C36F6500A67C28B002AF1 /* Frameworks */ = {
			isa = PBXGroup;
			children = (
				04E7241439725F73E7A9B5E3 /* Pods_iOS_Challenge.framework */,
				E6AD493C03A8ED3FE83B407D /* Pods_iOS_ChallengeTests.framework */,
				6C3AF1DC53EEA12C7996205E /* Pods_iOS_ChallengeUITests.framework */,
			);
			name = Frameworks;
			sourceTree = "<group>";
		};
		871D776B22DAE3D30062EDDE /* Stock */ = {
			isa = PBXGroup;
			children = (
				871D776C22DAE3F10062EDDE /* StockNavigationController.swift */,
			);
			path = Stock;
			sourceTree = "<group>";
		};
		871D776E22DAE43D0062EDDE /* Stock */ = {
			isa = PBXGroup;
			children = (
				871D776F22DAE4540062EDDE /* StockNavBuilder.swift */,
			);
			path = Stock;
			sourceTree = "<group>";
		};
		871D777122DAE4BE0062EDDE /* UserInfo */ = {
			isa = PBXGroup;
			children = (
				871D777422DAE54F0062EDDE /* UserInfoNavigationController.swift */,
				8792018F22DDC443005B354F /* UserInfoViweController.swift */,
			);
			path = UserInfo;
			sourceTree = "<group>";
		};
		871D777622DAE5DF0062EDDE /* UserInfo */ = {
			isa = PBXGroup;
			children = (
				871D777722DAE5F60062EDDE /* UserInfoNavBuilder.swift */,
				8792019722DDC6FF005B354F /* UserInfoViewBuilder.swift */,
			);
			path = UserInfo;
			sourceTree = "<group>";
		};
		871E0D1922D7BD7100DB497B /* DataStore */ = {
			isa = PBXGroup;
			children = (
				871E0D1B22D7BE5A00DB497B /* RealmInstance.swift */,
				871E0D1F22D7C02200DB497B /* QueryDataStore.swift */,
				871E0D2122D7C09800DB497B /* SyncDataStore.swift */,
				871E0D2322D7C0B300DB497B /* AuthDataStore.swift */,
			);
			path = DataStore;
			sourceTree = "<group>";
		};
		871E0D1A22D7BD8600DB497B /* UseCase */ = {
			isa = PBXGroup;
			children = (
				871E0D2522D7C0CF00DB497B /* AuthUseCase.swift */,
				8735878E22DB3BDE00C9C6B9 /* SyncUseCase.swift */,
				8735879022DB44D600C9C6B9 /* ArticlesUseCase.swift */,
				8792019922DDCBA1005B354F /* UserUseCase.swift */,
			);
			path = UseCase;
			sourceTree = "<group>";
		};
		871E0D2722D7C0DC00DB497B /* View */ = {
			isa = PBXGroup;
			children = (
				871D777122DAE4BE0062EDDE /* UserInfo */,
				871D776B22DAE3D30062EDDE /* Stock */,
				875DBE3E22DA66F300D3EAE8 /* Search */,
				875DBE3822DA4FA100D3EAE8 /* Articles */,
				875DBE3722DA4F8400D3EAE8 /* Main */,
				875DBE3422DA4E8E00D3EAE8 /* StoryBoard */,
				8735876D22DAE96600C9C6B9 /* Nib */,
			);
			path = View;
			sourceTree = "<group>";
		};
		871E0D2822D7C0E500DB497B /* Presenter */ = {
			isa = PBXGroup;
			children = (
				879201A122DDFF7B005B354F /* Search */,
				8792019122DDC4E4005B354F /* UserInfo */,
				8735877022DAEBE800C9C6B9 /* Articles */,
				875DBE3922DA4FC900D3EAE8 /* Main */,
				871E0D2B22D7C23C00DB497B /* PresenterBase.swift */,
			);
			path = Presenter;
			sourceTree = "<group>";
		};
		871E0D2922D7C0F000DB497B /* Wireframe */ = {
			isa = PBXGroup;
			children = (
				879201A422DE0047005B354F /* Search */,
				8792019422DDC5CF005B354F /* UserInfo */,
				8735877322DB074900C9C6B9 /* Articles */,
				875DBE3A22DA4FE200D3EAE8 /* Main */,
				871E0D2E22D7C25700DB497B /* WireframeBase.swift */,
			);
			path = Wireframe;
			sourceTree = "<group>";
		};
		871E0D2A22D7C10A00DB497B /* Builder */ = {
			isa = PBXGroup;
			children = (
				871D777622DAE5DF0062EDDE /* UserInfo */,
				871D776E22DAE43D0062EDDE /* Stock */,
				875DBE4322DA67ED00D3EAE8 /* Search */,
				875DBE3D22DA501400D3EAE8 /* Articles */,
				875DBE3C22DA500100D3EAE8 /* Main */,
				871E0D3022D7C29500DB497B /* BuilderBase.swift */,
			);
			path = Builder;
			sourceTree = "<group>";
		};
		871E3F1122D6C04000094CCA = {
			isa = PBXGroup;
			children = (
				871E3F1C22D6C04000094CCA /* iOS_Challenge */,
				871E3F3122D6C04100094CCA /* iOS_ChallengeTests */,
				871E3F3C22D6C04100094CCA /* iOS_ChallengeUITests */,
				871E3F1B22D6C04000094CCA /* Products */,
				7837C9B6B4F08FEC91979F8E /* Pods */,
				837C36F6500A67C28B002AF1 /* Frameworks */,
			);
			sourceTree = "<group>";
		};
		871E3F1B22D6C04000094CCA /* Products */ = {
			isa = PBXGroup;
			children = (
				871E3F1A22D6C04000094CCA /* iOS_Challenge.app */,
				871E3F2E22D6C04100094CCA /* iOS_ChallengeTests.xctest */,
				871E3F3922D6C04100094CCA /* iOS_ChallengeUITests.xctest */,
			);
			name = Products;
			sourceTree = "<group>";
		};
		871E3F1C22D6C04000094CCA /* iOS_Challenge */ = {
			isa = PBXGroup;
			children = (
				8735879222DB509600C9C6B9 /* Resources */,
				871E3F5122D6C29000094CCA /* Presentation */,
				871E3F5022D6C28500094CCA /* Domain */,
				871E3F4F22D6C27A00094CCA /* Data */,
				871E3F4E22D6C25400094CCA /* Utils */,
				871E3F4C22D6C24600094CCA /* R.generated.swift */,
				871E3F1D22D6C04000094CCA /* AppDelegate.swift */,
				871E3F2622D6C04100094CCA /* LaunchScreen.storyboard */,
				871E3F2422D6C04100094CCA /* Assets.xcassets */,
				871E3F2922D6C04100094CCA /* Info.plist */,
			);
			path = iOS_Challenge;
			sourceTree = "<group>";
		};
		871E3F3122D6C04100094CCA /* iOS_ChallengeTests */ = {
			isa = PBXGroup;
			children = (
				871E3F3222D6C04100094CCA /* iOS_ChallengeTests.swift */,
				871E3F3422D6C04100094CCA /* Info.plist */,
			);
			path = iOS_ChallengeTests;
			sourceTree = "<group>";
		};
		871E3F3C22D6C04100094CCA /* iOS_ChallengeUITests */ = {
			isa = PBXGroup;
			children = (
				871E3F3D22D6C04100094CCA /* iOS_ChallengeUITests.swift */,
				871E3F3F22D6C04100094CCA /* Info.plist */,
			);
			path = iOS_ChallengeUITests;
			sourceTree = "<group>";
		};
		871E3F4E22D6C25400094CCA /* Utils */ = {
			isa = PBXGroup;
			children = (
				8778E6C622D78A2B00D0B5F8 /* UserDefaults+.swift */,
				871E0D1D22D7BF9300DB497B /* NSPredicate.swift */,
				871E0D3222D8AED900DB497B /* UIColor+.swift */,
				87B87E7422D8F72800B351FD /* URL+.swift */,
				8735878C22DB346A00C9C6B9 /* Realm+.swift */,
			);
			path = Utils;
			sourceTree = "<group>";
		};
		871E3F4F22D6C27A00094CCA /* Data */ = {
			isa = PBXGroup;
			children = (
				871E0D1922D7BD7100DB497B /* DataStore */,
				87C06F5322D7938100D0F40C /* Entity */,
				8778E6BF22D73D8A00D0B5F8 /* Constants */,
				8778E6BC22D731D200D0B5F8 /* External */,
			);
			path = Data;
			sourceTree = "<group>";
		};
		871E3F5022D6C28500094CCA /* Domain */ = {
			isa = PBXGroup;
			children = (
				871E0D1A22D7BD8600DB497B /* UseCase */,
			);
			path = Domain;
			sourceTree = "<group>";
		};
		871E3F5122D6C29000094CCA /* Presentation */ = {
			isa = PBXGroup;
			children = (
				871E0D2A22D7C10A00DB497B /* Builder */,
				871E0D2922D7C0F000DB497B /* Wireframe */,
				871E0D2822D7C0E500DB497B /* Presenter */,
				871E0D2722D7C0DC00DB497B /* View */,
			);
			path = Presentation;
			sourceTree = "<group>";
		};
		8735876D22DAE96600C9C6B9 /* Nib */ = {
			isa = PBXGroup;
			children = (
				879BDE8122DB5F06002CDD90 /* LoadingCell.swift */,
				879BDE8222DB5F06002CDD90 /* LoadingCell.xib */,
				8735877C22DB0AE500C9C6B9 /* ArticleOutlineCell.swift */,
				8735877D22DB0AE500C9C6B9 /* ArticleOutlineCell.xib */,
				8792018722DD79BE005B354F /* LikedUserCell.swift */,
				8792018822DD79BE005B354F /* LikedUserCell.xib */,
				8792019B22DDDA9B005B354F /* UserOutlineCell.swift */,
				8792019C22DDDA9B005B354F /* UserOutlineCell.xib */,
			);
			path = Nib;
			sourceTree = "<group>";
		};
		8735877022DAEBE800C9C6B9 /* Articles */ = {
			isa = PBXGroup;
			children = (
				8735877122DAEC0600C9C6B9 /* ArticlesListViewPresenter.swift */,
				879BDE8722DB7341002CDD90 /* ArticleDetailViewPresenter.swift */,
				8792017F22DD740D005B354F /* LikedUserViewPresenter.swift */,
			);
			path = Articles;
			sourceTree = "<group>";
		};
		8735877322DB074900C9C6B9 /* Articles */ = {
			isa = PBXGroup;
			children = (
				8735877422DB076400C9C6B9 /* ArticlesListViewWireframe.swift */,
				879BDE8922DB73FD002CDD90 /* ArticleDetailViewWireframe.swift */,
			);
			path = Articles;
			sourceTree = "<group>";
		};
		8735879222DB509600C9C6B9 /* Resources */ = {
			isa = PBXGroup;
			children = (
				8792018B22DD9DBD005B354F /* liked_check.png */,
				8792018C22DD9DBD005B354F /* stocked_check.png */,
				8792017A22DD5CD5005B354F /* good_green.png */,
				8792017922DD5CD5005B354F /* stock_green.png */,
				879BDE8D22DB8B10002CDD90 /* tag_black.png */,
				879BDE7F22DB5143002CDD90 /* tag.png */,
			);
			path = Resources;
			sourceTree = "<group>";
		};
		875DBE3422DA4E8E00D3EAE8 /* StoryBoard */ = {
			isa = PBXGroup;
			children = (
				871E3F2122D6C04000094CCA /* Main.storyboard */,
				875DBE3522DA4EF500D3EAE8 /* Articles.storyboard */,
				875DBE4122DA67BB00D3EAE8 /* Search.storyboard */,
				875DBE4C22DAE37A00D3EAE8 /* Stock.storyboard */,
				871D777222DAE4D50062EDDE /* UserInfo.storyboard */,
			);
			path = StoryBoard;
			sourceTree = "<group>";
		};
		875DBE3722DA4F8400D3EAE8 /* Main */ = {
			isa = PBXGroup;
			children = (
				875DBE2822DA451200D3EAE8 /* MainTabBarController.swift */,
				871E0D3E22D8BBCF00DB497B /* AuthWebViewController.swift */,
				871E0D3422D8B3B300DB497B /* LoginViewController.swift */,
				875DBE4622DADE4B00D3EAE8 /* AuthNavigationController.swift */,
			);
			path = Main;
			sourceTree = "<group>";
		};
		875DBE3822DA4FA100D3EAE8 /* Articles */ = {
			isa = PBXGroup;
			children = (
				875DBE3022DA4C9800D3EAE8 /* ArticlesNavigationController.swift */,
				8735876E22DAEAE600C9C6B9 /* ArticlesListViewController.swift */,
				879BDE8522DB72A2002CDD90 /* ArticleDetailViewController.swift */,
				8792017D22DD7351005B354F /* LikedUserViewController.swift */,
			);
			path = Articles;
			sourceTree = "<group>";
		};
		875DBE3922DA4FC900D3EAE8 /* Main */ = {
			isa = PBXGroup;
			children = (
				875DBE2A22DA45AF00D3EAE8 /* MainTabBarPresenter.swift */,
				871E0D4022D8BBF600DB497B /* AuthWebViewPresenter.swift */,
				871E0D3622D8B3CB00DB497B /* LoginViewPresenter.swift */,
			);
			path = Main;
			sourceTree = "<group>";
		};
		875DBE3A22DA4FE200D3EAE8 /* Main */ = {
			isa = PBXGroup;
			children = (
				871E0D3A22D8B56500DB497B /* LoginViewWireframe.swift */,
				87B87E7222D8C6F300B351FD /* AuthWebViewWireframe.swift */,
				875DBE2C22DA45E100D3EAE8 /* MainTabBarWireframe.swift */,
			);
			path = Main;
			sourceTree = "<group>";
		};
		875DBE3C22DA500100D3EAE8 /* Main */ = {
			isa = PBXGroup;
			children = (
				871E0D3C22D8B57E00DB497B /* LoginViewBuilder.swift */,
				871E0D4422D8BC5A00DB497B /* AuthWebViewBuilder.swift */,
				875DBE2E22DA461600D3EAE8 /* MainTabBarBuilder.swift */,
				875DBE4822DADEAF00D3EAE8 /* AuthNavBuilder.swift */,
			);
			path = Main;
			sourceTree = "<group>";
		};
		875DBE3D22DA501400D3EAE8 /* Articles */ = {
			isa = PBXGroup;
			children = (
				875DBE3222DA4DB800D3EAE8 /* ArticlesNavBuilder.swift */,
				8735877622DB080F00C9C6B9 /* ArticlesListViewBuilder.swift */,
				879BDE8B22DB74C3002CDD90 /* ArticleDetailViewBuilder.swift */,
				8792018522DD7642005B354F /* LikedUserViewBuilder.swift */,
			);
			path = Articles;
			sourceTree = "<group>";
		};
		875DBE3E22DA66F300D3EAE8 /* Search */ = {
			isa = PBXGroup;
			children = (
				875DBE3F22DA671400D3EAE8 /* SearchNavigationController.swift */,
				8792019F22DDFCD1005B354F /* SearchViewController.swift */,
				87A1B3E822DE1EFE003167EB /* SearchResultViewController.swift */,
			);
			path = Search;
			sourceTree = "<group>";
		};
		875DBE4322DA67ED00D3EAE8 /* Search */ = {
			isa = PBXGroup;
			children = (
				875DBE4422DA680700D3EAE8 /* SearchNavBuilder.swift */,
				879201A722DE00E5005B354F /* SearchViewBuilder.swift */,
				87A1B3EE22DE20A3003167EB /* SearchResultViewBuilder.swift */,
			);
			path = Search;
			sourceTree = "<group>";
		};
		8778E6BC22D731D200D0B5F8 /* External */ = {
			isa = PBXGroup;
			children = (
				8778E6BD22D731ED00D0B5F8 /* Api.swift */,
				8778E6C422D741AB00D0B5F8 /* ApiService.swift */,
			);
			path = External;
			sourceTree = "<group>";
		};
		8778E6BF22D73D8A00D0B5F8 /* Constants */ = {
			isa = PBXGroup;
			children = (
				8778E6C022D73DAC00D0B5F8 /* URLConstants.swift */,
				8778E6C222D73F3400D0B5F8 /* KeyConstants.swift */,
			);
			path = Constants;
			sourceTree = "<group>";
		};
		8792019122DDC4E4005B354F /* UserInfo */ = {
			isa = PBXGroup;
			children = (
				8792019222DDC500005B354F /* UserInfoViewPresenter.swift */,
			);
			path = UserInfo;
			sourceTree = "<group>";
		};
		8792019422DDC5CF005B354F /* UserInfo */ = {
			isa = PBXGroup;
			children = (
				8792019522DDC5F3005B354F /* UserInfoViewWireframe.swift */,
			);
			path = UserInfo;
			sourceTree = "<group>";
		};
		879201A122DDFF7B005B354F /* Search */ = {
			isa = PBXGroup;
			children = (
				879201A222DDFF95005B354F /* SearchViewPresenter.swift */,
				87A1B3EA22DE1F7B003167EB /* SearchResultViewPresenter.swift */,
			);
			path = Search;
			sourceTree = "<group>";
		};
		879201A422DE0047005B354F /* Search */ = {
			isa = PBXGroup;
			children = (
				879201A522DE005E005B354F /* SearchViewWireframe.swift */,
				87A1B3EC22DE2062003167EB /* SearchResultViewWireframe.swift */,
			);
			path = Search;
			sourceTree = "<group>";
		};
		87C06F5322D7938100D0F40C /* Entity */ = {
			isa = PBXGroup;
			children = (
				87C06F5622D793A300D0F40C /* APIEntity.swift */,
				8735878022DB111300C9C6B9 /* AuthorizedUserEntity.swift */,
				8735878222DB1C8D00C9C6B9 /* UserEntity.swift */,
				8735878422DB1D2400C9C6B9 /* StockItemEntity.swift */,
				8735878822DB2B1200C9C6B9 /* ArticlesItemEntity.swift */,
				8735878A22DB321E00C9C6B9 /* LikedUserEntity.swift */,
				879201A922DE081A005B354F /* TagDetaileEntity.swift */,
			);
			path = Entity;
			sourceTree = "<group>";
		};
/* End PBXGroup section */

/* Begin PBXNativeTarget section */
		871E3F1922D6C04000094CCA /* iOS_Challenge */ = {
			isa = PBXNativeTarget;
			buildConfigurationList = 871E3F4222D6C04100094CCA /* Build configuration list for PBXNativeTarget "iOS_Challenge" */;
			buildPhases = (
				BA3DD28AAC18FFE58EC90897 /* [CP] Check Pods Manifest.lock */,
				871E3F4B22D6C1A200094CCA /* ShellScript */,
				871E3F1622D6C04000094CCA /* Sources */,
				871E3F1722D6C04000094CCA /* Frameworks */,
				871E3F1822D6C04000094CCA /* Resources */,
				4AF5FDE4E1216C68CBA1FDD5 /* [CP] Embed Pods Frameworks */,
			);
			buildRules = (
			);
			dependencies = (
			);
			name = iOS_Challenge;
			productName = iOS_Challenge;
			productReference = 871E3F1A22D6C04000094CCA /* iOS_Challenge.app */;
			productType = "com.apple.product-type.application";
		};
		871E3F2D22D6C04100094CCA /* iOS_ChallengeTests */ = {
			isa = PBXNativeTarget;
			buildConfigurationList = 871E3F4522D6C04100094CCA /* Build configuration list for PBXNativeTarget "iOS_ChallengeTests" */;
			buildPhases = (
				375BC3008FDB31FAF8F98A36 /* [CP] Check Pods Manifest.lock */,
				871E3F2A22D6C04100094CCA /* Sources */,
				871E3F2B22D6C04100094CCA /* Frameworks */,
				871E3F2C22D6C04100094CCA /* Resources */,
				0A8C0DBA95F76E645D7083BF /* [CP] Embed Pods Frameworks */,
			);
			buildRules = (
			);
			dependencies = (
				871E3F3022D6C04100094CCA /* PBXTargetDependency */,
			);
			name = iOS_ChallengeTests;
			productName = iOS_ChallengeTests;
			productReference = 871E3F2E22D6C04100094CCA /* iOS_ChallengeTests.xctest */;
			productType = "com.apple.product-type.bundle.unit-test";
		};
		871E3F3822D6C04100094CCA /* iOS_ChallengeUITests */ = {
			isa = PBXNativeTarget;
			buildConfigurationList = 871E3F4822D6C04100094CCA /* Build configuration list for PBXNativeTarget "iOS_ChallengeUITests" */;
			buildPhases = (
				CC3ADD7E5E5D4B0630F5FA97 /* [CP] Check Pods Manifest.lock */,
				871E3F3522D6C04100094CCA /* Sources */,
				871E3F3622D6C04100094CCA /* Frameworks */,
				871E3F3722D6C04100094CCA /* Resources */,
			);
			buildRules = (
			);
			dependencies = (
				871E3F3B22D6C04100094CCA /* PBXTargetDependency */,
			);
			name = iOS_ChallengeUITests;
			productName = iOS_ChallengeUITests;
			productReference = 871E3F3922D6C04100094CCA /* iOS_ChallengeUITests.xctest */;
			productType = "com.apple.product-type.bundle.ui-testing";
		};
/* End PBXNativeTarget section */

/* Begin PBXProject section */
		871E3F1222D6C04000094CCA /* Project object */ = {
			isa = PBXProject;
			attributes = {
				LastSwiftUpdateCheck = 1020;
				LastUpgradeCheck = 1020;
				ORGANIZATIONNAME = "Aoi Okawa";
				TargetAttributes = {
					871E3F1922D6C04000094CCA = {
						CreatedOnToolsVersion = 10.2.1;
					};
					871E3F2D22D6C04100094CCA = {
						CreatedOnToolsVersion = 10.2.1;
						TestTargetID = 871E3F1922D6C04000094CCA;
					};
					871E3F3822D6C04100094CCA = {
						CreatedOnToolsVersion = 10.2.1;
						TestTargetID = 871E3F1922D6C04000094CCA;
					};
				};
			};
			buildConfigurationList = 871E3F1522D6C04000094CCA /* Build configuration list for PBXProject "iOS_Challenge" */;
			compatibilityVersion = "Xcode 9.3";
			developmentRegion = en;
			hasScannedForEncodings = 0;
			knownRegions = (
				en,
				Base,
			);
			mainGroup = 871E3F1122D6C04000094CCA;
			productRefGroup = 871E3F1B22D6C04000094CCA /* Products */;
			projectDirPath = "";
			projectRoot = "";
			targets = (
				871E3F1922D6C04000094CCA /* iOS_Challenge */,
				871E3F2D22D6C04100094CCA /* iOS_ChallengeTests */,
				871E3F3822D6C04100094CCA /* iOS_ChallengeUITests */,
			);
		};
/* End PBXProject section */

/* Begin PBXResourcesBuildPhase section */
		871E3F1822D6C04000094CCA /* Resources */ = {
			isa = PBXResourcesBuildPhase;
			buildActionMask = 2147483647;
			files = (
				8792017C22DD5CD5005B354F /* good_green.png in Resources */,
				871E3F2822D6C04100094CCA /* LaunchScreen.storyboard in Resources */,
				875DBE3622DA4EF500D3EAE8 /* Articles.storyboard in Resources */,
				871E3F2522D6C04100094CCA /* Assets.xcassets in Resources */,
				8792018D22DD9DBD005B354F /* liked_check.png in Resources */,
				879BDE8022DB5143002CDD90 /* tag.png in Resources */,
				879BDE8E22DB8B10002CDD90 /* tag_black.png in Resources */,
				8735877F22DB0AE500C9C6B9 /* ArticleOutlineCell.xib in Resources */,
				8792017B22DD5CD5005B354F /* stock_green.png in Resources */,
				871D777322DAE4D50062EDDE /* UserInfo.storyboard in Resources */,
				875DBE4D22DAE37A00D3EAE8 /* Stock.storyboard in Resources */,
				8792019E22DDDA9B005B354F /* UserOutlineCell.xib in Resources */,
				8792018A22DD79BE005B354F /* LikedUserCell.xib in Resources */,
				871E3F2322D6C04000094CCA /* Main.storyboard in Resources */,
				879BDE8422DB5F07002CDD90 /* LoadingCell.xib in Resources */,
				8792018E22DD9DBD005B354F /* stocked_check.png in Resources */,
				875DBE4222DA67BB00D3EAE8 /* Search.storyboard in Resources */,
			);
			runOnlyForDeploymentPostprocessing = 0;
		};
		871E3F2C22D6C04100094CCA /* Resources */ = {
			isa = PBXResourcesBuildPhase;
			buildActionMask = 2147483647;
			files = (
			);
			runOnlyForDeploymentPostprocessing = 0;
		};
		871E3F3722D6C04100094CCA /* Resources */ = {
			isa = PBXResourcesBuildPhase;
			buildActionMask = 2147483647;
			files = (
			);
			runOnlyForDeploymentPostprocessing = 0;
		};
/* End PBXResourcesBuildPhase section */

/* Begin PBXShellScriptBuildPhase section */
		0A8C0DBA95F76E645D7083BF /* [CP] Embed Pods Frameworks */ = {
			isa = PBXShellScriptBuildPhase;
			buildActionMask = 2147483647;
			files = (
			);
			inputFileListPaths = (
			);
			inputPaths = (
				"${SRCROOT}/Pods/Target Support Files/Pods-iOS_ChallengeTests/Pods-iOS_ChallengeTests-frameworks.sh",
				"${BUILT_PRODUCTS_DIR}/Alamofire/Alamofire.framework",
				"${BUILT_PRODUCTS_DIR}/Moya/Moya.framework",
				"${BUILT_PRODUCTS_DIR}/Realm/Realm.framework",
				"${BUILT_PRODUCTS_DIR}/RealmSwift/RealmSwift.framework",
				"${BUILT_PRODUCTS_DIR}/Result/Result.framework",
				"${BUILT_PRODUCTS_DIR}/RxCocoa/RxCocoa.framework",
				"${BUILT_PRODUCTS_DIR}/RxSwift/RxSwift.framework",
			);
			name = "[CP] Embed Pods Frameworks";
			outputFileListPaths = (
			);
			outputPaths = (
				"${TARGET_BUILD_DIR}/${FRAMEWORKS_FOLDER_PATH}/Alamofire.framework",
				"${TARGET_BUILD_DIR}/${FRAMEWORKS_FOLDER_PATH}/Moya.framework",
				"${TARGET_BUILD_DIR}/${FRAMEWORKS_FOLDER_PATH}/Realm.framework",
				"${TARGET_BUILD_DIR}/${FRAMEWORKS_FOLDER_PATH}/RealmSwift.framework",
				"${TARGET_BUILD_DIR}/${FRAMEWORKS_FOLDER_PATH}/Result.framework",
				"${TARGET_BUILD_DIR}/${FRAMEWORKS_FOLDER_PATH}/RxCocoa.framework",
				"${TARGET_BUILD_DIR}/${FRAMEWORKS_FOLDER_PATH}/RxSwift.framework",
			);
			runOnlyForDeploymentPostprocessing = 0;
			shellPath = /bin/sh;
			shellScript = "\"${SRCROOT}/Pods/Target Support Files/Pods-iOS_ChallengeTests/Pods-iOS_ChallengeTests-frameworks.sh\"\n";
			showEnvVarsInLog = 0;
		};
		375BC3008FDB31FAF8F98A36 /* [CP] Check Pods Manifest.lock */ = {
			isa = PBXShellScriptBuildPhase;
			buildActionMask = 2147483647;
			files = (
			);
			inputFileListPaths = (
			);
			inputPaths = (
				"${PODS_PODFILE_DIR_PATH}/Podfile.lock",
				"${PODS_ROOT}/Manifest.lock",
			);
			name = "[CP] Check Pods Manifest.lock";
			outputFileListPaths = (
			);
			outputPaths = (
				"$(DERIVED_FILE_DIR)/Pods-iOS_ChallengeTests-checkManifestLockResult.txt",
			);
			runOnlyForDeploymentPostprocessing = 0;
			shellPath = /bin/sh;
			shellScript = "diff \"${PODS_PODFILE_DIR_PATH}/Podfile.lock\" \"${PODS_ROOT}/Manifest.lock\" > /dev/null\nif [ $? != 0 ] ; then\n    # print error to STDERR\n    echo \"error: The sandbox is not in sync with the Podfile.lock. Run 'pod install' or update your CocoaPods installation.\" >&2\n    exit 1\nfi\n# This output is used by Xcode 'outputs' to avoid re-running this script phase.\necho \"SUCCESS\" > \"${SCRIPT_OUTPUT_FILE_0}\"\n";
			showEnvVarsInLog = 0;
		};
		4AF5FDE4E1216C68CBA1FDD5 /* [CP] Embed Pods Frameworks */ = {
			isa = PBXShellScriptBuildPhase;
			buildActionMask = 2147483647;
			files = (
			);
			inputFileListPaths = (
			);
			inputPaths = (
				"${SRCROOT}/Pods/Target Support Files/Pods-iOS_Challenge/Pods-iOS_Challenge-frameworks.sh",
				"${BUILT_PRODUCTS_DIR}/Alamofire/Alamofire.framework",
				"${BUILT_PRODUCTS_DIR}/JGProgressHUD/JGProgressHUD.framework",
				"${BUILT_PRODUCTS_DIR}/KeychainAccess/KeychainAccess.framework",
				"${BUILT_PRODUCTS_DIR}/MarkdownView/MarkdownView.framework",
				"${BUILT_PRODUCTS_DIR}/Moya/Moya.framework",
				"${BUILT_PRODUCTS_DIR}/Parchment/Parchment.framework",
				"${BUILT_PRODUCTS_DIR}/R.swift.Library/Rswift.framework",
				"${BUILT_PRODUCTS_DIR}/Realm/Realm.framework",
				"${BUILT_PRODUCTS_DIR}/RealmSwift/RealmSwift.framework",
				"${BUILT_PRODUCTS_DIR}/Result/Result.framework",
				"${BUILT_PRODUCTS_DIR}/RxCocoa/RxCocoa.framework",
				"${BUILT_PRODUCTS_DIR}/RxSwift/RxSwift.framework",
				"${BUILT_PRODUCTS_DIR}/SDWebImage/SDWebImage.framework",
				"${BUILT_PRODUCTS_DIR}/SideMenu/SideMenu.framework",
				"${BUILT_PRODUCTS_DIR}/SwiftyJSON/SwiftyJSON.framework",
			);
			name = "[CP] Embed Pods Frameworks";
			outputFileListPaths = (
			);
			outputPaths = (
				"${TARGET_BUILD_DIR}/${FRAMEWORKS_FOLDER_PATH}/Alamofire.framework",
				"${TARGET_BUILD_DIR}/${FRAMEWORKS_FOLDER_PATH}/JGProgressHUD.framework",
				"${TARGET_BUILD_DIR}/${FRAMEWORKS_FOLDER_PATH}/KeychainAccess.framework",
				"${TARGET_BUILD_DIR}/${FRAMEWORKS_FOLDER_PATH}/MarkdownView.framework",
				"${TARGET_BUILD_DIR}/${FRAMEWORKS_FOLDER_PATH}/Moya.framework",
				"${TARGET_BUILD_DIR}/${FRAMEWORKS_FOLDER_PATH}/Parchment.framework",
				"${TARGET_BUILD_DIR}/${FRAMEWORKS_FOLDER_PATH}/Rswift.framework",
				"${TARGET_BUILD_DIR}/${FRAMEWORKS_FOLDER_PATH}/Realm.framework",
				"${TARGET_BUILD_DIR}/${FRAMEWORKS_FOLDER_PATH}/RealmSwift.framework",
				"${TARGET_BUILD_DIR}/${FRAMEWORKS_FOLDER_PATH}/Result.framework",
				"${TARGET_BUILD_DIR}/${FRAMEWORKS_FOLDER_PATH}/RxCocoa.framework",
				"${TARGET_BUILD_DIR}/${FRAMEWORKS_FOLDER_PATH}/RxSwift.framework",
				"${TARGET_BUILD_DIR}/${FRAMEWORKS_FOLDER_PATH}/SDWebImage.framework",
				"${TARGET_BUILD_DIR}/${FRAMEWORKS_FOLDER_PATH}/SideMenu.framework",
				"${TARGET_BUILD_DIR}/${FRAMEWORKS_FOLDER_PATH}/SwiftyJSON.framework",
			);
			runOnlyForDeploymentPostprocessing = 0;
			shellPath = /bin/sh;
			shellScript = "\"${SRCROOT}/Pods/Target Support Files/Pods-iOS_Challenge/Pods-iOS_Challenge-frameworks.sh\"\n";
			showEnvVarsInLog = 0;
		};
		871E3F4B22D6C1A200094CCA /* ShellScript */ = {
			isa = PBXShellScriptBuildPhase;
			buildActionMask = 2147483647;
			files = (
			);
			inputFileListPaths = (
			);
			inputPaths = (
				"$TEMP_DIR/rswift-lastrun",
			);
			outputFileListPaths = (
			);
			outputPaths = (
				$SRCROOT/R.generated.swift,
			);
			runOnlyForDeploymentPostprocessing = 0;
			shellPath = /bin/sh;
			shellScript = "\"$PODS_ROOT/R.swift/rswift\" generate \"$SRCROOT/R.generated.swift\"\n";
		};
		BA3DD28AAC18FFE58EC90897 /* [CP] Check Pods Manifest.lock */ = {
			isa = PBXShellScriptBuildPhase;
			buildActionMask = 2147483647;
			files = (
			);
			inputFileListPaths = (
			);
			inputPaths = (
				"${PODS_PODFILE_DIR_PATH}/Podfile.lock",
				"${PODS_ROOT}/Manifest.lock",
			);
			name = "[CP] Check Pods Manifest.lock";
			outputFileListPaths = (
			);
			outputPaths = (
				"$(DERIVED_FILE_DIR)/Pods-iOS_Challenge-checkManifestLockResult.txt",
			);
			runOnlyForDeploymentPostprocessing = 0;
			shellPath = /bin/sh;
			shellScript = "diff \"${PODS_PODFILE_DIR_PATH}/Podfile.lock\" \"${PODS_ROOT}/Manifest.lock\" > /dev/null\nif [ $? != 0 ] ; then\n    # print error to STDERR\n    echo \"error: The sandbox is not in sync with the Podfile.lock. Run 'pod install' or update your CocoaPods installation.\" >&2\n    exit 1\nfi\n# This output is used by Xcode 'outputs' to avoid re-running this script phase.\necho \"SUCCESS\" > \"${SCRIPT_OUTPUT_FILE_0}\"\n";
			showEnvVarsInLog = 0;
		};
		CC3ADD7E5E5D4B0630F5FA97 /* [CP] Check Pods Manifest.lock */ = {
			isa = PBXShellScriptBuildPhase;
			buildActionMask = 2147483647;
			files = (
			);
			inputFileListPaths = (
			);
			inputPaths = (
				"${PODS_PODFILE_DIR_PATH}/Podfile.lock",
				"${PODS_ROOT}/Manifest.lock",
			);
			name = "[CP] Check Pods Manifest.lock";
			outputFileListPaths = (
			);
			outputPaths = (
				"$(DERIVED_FILE_DIR)/Pods-iOS_ChallengeUITests-checkManifestLockResult.txt",
			);
			runOnlyForDeploymentPostprocessing = 0;
			shellPath = /bin/sh;
			shellScript = "diff \"${PODS_PODFILE_DIR_PATH}/Podfile.lock\" \"${PODS_ROOT}/Manifest.lock\" > /dev/null\nif [ $? != 0 ] ; then\n    # print error to STDERR\n    echo \"error: The sandbox is not in sync with the Podfile.lock. Run 'pod install' or update your CocoaPods installation.\" >&2\n    exit 1\nfi\n# This output is used by Xcode 'outputs' to avoid re-running this script phase.\necho \"SUCCESS\" > \"${SCRIPT_OUTPUT_FILE_0}\"\n";
			showEnvVarsInLog = 0;
		};
/* End PBXShellScriptBuildPhase section */

/* Begin PBXSourcesBuildPhase section */
		871E3F1622D6C04000094CCA /* Sources */ = {
			isa = PBXSourcesBuildPhase;
			buildActionMask = 2147483647;
			files = (
				8792018022DD740D005B354F /* LikedUserViewPresenter.swift in Sources */,
				871E0D2022D7C02200DB497B /* QueryDataStore.swift in Sources */,
				8735877222DAEC0600C9C6B9 /* ArticlesListViewPresenter.swift in Sources */,
				875DBE2D22DA45E100D3EAE8 /* MainTabBarWireframe.swift in Sources */,
				8735878D22DB346A00C9C6B9 /* Realm+.swift in Sources */,
				87B87E7522D8F72800B351FD /* URL+.swift in Sources */,
				875DBE4922DADEAF00D3EAE8 /* AuthNavBuilder.swift in Sources */,
				87A1B3EF22DE20A3003167EB /* SearchResultViewBuilder.swift in Sources */,
				87A1B3E922DE1EFE003167EB /* SearchResultViewController.swift in Sources */,
				875DBE4722DADE4B00D3EAE8 /* AuthNavigationController.swift in Sources */,
				8735877522DB076400C9C6B9 /* ArticlesListViewWireframe.swift in Sources */,
				879201A822DE00E5005B354F /* SearchViewBuilder.swift in Sources */,
				8735878322DB1C8D00C9C6B9 /* UserEntity.swift in Sources */,
				871E0D2C22D7C23C00DB497B /* PresenterBase.swift in Sources */,
				879201AA22DE081A005B354F /* TagDetaileEntity.swift in Sources */,
				87B87E7322D8C6F300B351FD /* AuthWebViewWireframe.swift in Sources */,
				8792019A22DDCBA1005B354F /* UserUseCase.swift in Sources */,
				871E0D3D22D8B57E00DB497B /* LoginViewBuilder.swift in Sources */,
				879BDE8C22DB74C3002CDD90 /* ArticleDetailViewBuilder.swift in Sources */,
				879201A322DDFF95005B354F /* SearchViewPresenter.swift in Sources */,
				8778E6C722D78A2B00D0B5F8 /* UserDefaults+.swift in Sources */,
				8792019822DDC6FF005B354F /* UserInfoViewBuilder.swift in Sources */,
				8735877722DB080F00C9C6B9 /* ArticlesListViewBuilder.swift in Sources */,
				879BDE8322DB5F07002CDD90 /* LoadingCell.swift in Sources */,
				871E0D2422D7C0B300DB497B /* AuthDataStore.swift in Sources */,
				875DBE3122DA4C9800D3EAE8 /* ArticlesNavigationController.swift in Sources */,
				871E0D3522D8B3B300DB497B /* LoginViewController.swift in Sources */,
				871E0D3F22D8BBCF00DB497B /* AuthWebViewController.swift in Sources */,
				8778E6C122D73DAC00D0B5F8 /* URLConstants.swift in Sources */,
				875DBE2922DA451200D3EAE8 /* MainTabBarController.swift in Sources */,
				871E0D2222D7C09800DB497B /* SyncDataStore.swift in Sources */,
				87C06F5722D793A300D0F40C /* APIEntity.swift in Sources */,
				8792018622DD7642005B354F /* LikedUserViewBuilder.swift in Sources */,
				871E3F1E22D6C04000094CCA /* AppDelegate.swift in Sources */,
				871E0D1E22D7BF9300DB497B /* NSPredicate.swift in Sources */,
				8792019622DDC5F3005B354F /* UserInfoViewWireframe.swift in Sources */,
				8735878522DB1D2400C9C6B9 /* StockItemEntity.swift in Sources */,
				8792017E22DD7351005B354F /* LikedUserViewController.swift in Sources */,
				871E0D4522D8BC5A00DB497B /* AuthWebViewBuilder.swift in Sources */,
				8735878122DB111300C9C6B9 /* AuthorizedUserEntity.swift in Sources */,
				871D777022DAE4540062EDDE /* StockNavBuilder.swift in Sources */,
				8792019022DDC443005B354F /* UserInfoViweController.swift in Sources */,
				8735878B22DB321E00C9C6B9 /* LikedUserEntity.swift in Sources */,
				87A1B3EB22DE1F7B003167EB /* SearchResultViewPresenter.swift in Sources */,
				879201A622DE005E005B354F /* SearchViewWireframe.swift in Sources */,
				875DBE2F22DA461600D3EAE8 /* MainTabBarBuilder.swift in Sources */,
				8778E6BE22D731ED00D0B5F8 /* Api.swift in Sources */,
				871D777822DAE5F60062EDDE /* UserInfoNavBuilder.swift in Sources */,
				8792019D22DDDA9B005B354F /* UserOutlineCell.swift in Sources */,
				8792019322DDC500005B354F /* UserInfoViewPresenter.swift in Sources */,
				871E0D1C22D7BE5A00DB497B /* RealmInstance.swift in Sources */,
				875DBE2B22DA45AF00D3EAE8 /* MainTabBarPresenter.swift in Sources */,
				875DBE4022DA671400D3EAE8 /* SearchNavigationController.swift in Sources */,
				8735876F22DAEAE600C9C6B9 /* ArticlesListViewController.swift in Sources */,
				875DBE4522DA680700D3EAE8 /* SearchNavBuilder.swift in Sources */,
				879BDE8622DB72A2002CDD90 /* ArticleDetailViewController.swift in Sources */,
				871E3F4D22D6C24600094CCA /* R.generated.swift in Sources */,
				879201A022DDFCD1005B354F /* SearchViewController.swift in Sources */,
				871D777522DAE54F0062EDDE /* UserInfoNavigationController.swift in Sources */,
				8778E6C522D741AB00D0B5F8 /* ApiService.swift in Sources */,
				871D776D22DAE3F10062EDDE /* StockNavigationController.swift in Sources */,
				875DBE3322DA4DB800D3EAE8 /* ArticlesNavBuilder.swift in Sources */,
				871E0D4122D8BBF600DB497B /* AuthWebViewPresenter.swift in Sources */,
				871E0D2622D7C0CF00DB497B /* AuthUseCase.swift in Sources */,
				879BDE8A22DB73FD002CDD90 /* ArticleDetailViewWireframe.swift in Sources */,
				871E0D3722D8B3CB00DB497B /* LoginViewPresenter.swift in Sources */,
				8778E6C322D73F3400D0B5F8 /* KeyConstants.swift in Sources */,
				8735878F22DB3BDE00C9C6B9 /* SyncUseCase.swift in Sources */,
				871E0D3122D7C29500DB497B /* BuilderBase.swift in Sources */,
				8735879122DB44D700C9C6B9 /* ArticlesUseCase.swift in Sources */,
				8792018922DD79BE005B354F /* LikedUserCell.swift in Sources */,
				871E0D2F22D7C25700DB497B /* WireframeBase.swift in Sources */,
				8735878922DB2B1200C9C6B9 /* ArticlesItemEntity.swift in Sources */,
				879BDE8822DB7341002CDD90 /* ArticleDetailViewPresenter.swift in Sources */,
				87A1B3ED22DE2062003167EB /* SearchResultViewWireframe.swift in Sources */,
				8735877E22DB0AE500C9C6B9 /* ArticleOutlineCell.swift in Sources */,
				871E0D3322D8AED900DB497B /* UIColor+.swift in Sources */,
				871E0D3B22D8B56600DB497B /* LoginViewWireframe.swift in Sources */,
			);
			runOnlyForDeploymentPostprocessing = 0;
		};
		871E3F2A22D6C04100094CCA /* Sources */ = {
			isa = PBXSourcesBuildPhase;
			buildActionMask = 2147483647;
			files = (
				871E3F3322D6C04100094CCA /* iOS_ChallengeTests.swift in Sources */,
			);
			runOnlyForDeploymentPostprocessing = 0;
		};
		871E3F3522D6C04100094CCA /* Sources */ = {
			isa = PBXSourcesBuildPhase;
			buildActionMask = 2147483647;
			files = (
				871E3F3E22D6C04100094CCA /* iOS_ChallengeUITests.swift in Sources */,
			);
			runOnlyForDeploymentPostprocessing = 0;
		};
/* End PBXSourcesBuildPhase section */

/* Begin PBXTargetDependency section */
		871E3F3022D6C04100094CCA /* PBXTargetDependency */ = {
			isa = PBXTargetDependency;
			target = 871E3F1922D6C04000094CCA /* iOS_Challenge */;
			targetProxy = 871E3F2F22D6C04100094CCA /* PBXContainerItemProxy */;
		};
		871E3F3B22D6C04100094CCA /* PBXTargetDependency */ = {
			isa = PBXTargetDependency;
			target = 871E3F1922D6C04000094CCA /* iOS_Challenge */;
			targetProxy = 871E3F3A22D6C04100094CCA /* PBXContainerItemProxy */;
		};
/* End PBXTargetDependency section */

/* Begin PBXVariantGroup section */
		871E3F2122D6C04000094CCA /* Main.storyboard */ = {
			isa = PBXVariantGroup;
			children = (
				871E3F2222D6C04000094CCA /* Base */,
			);
			name = Main.storyboard;
			sourceTree = "<group>";
		};
		871E3F2622D6C04100094CCA /* LaunchScreen.storyboard */ = {
			isa = PBXVariantGroup;
			children = (
				871E3F2722D6C04100094CCA /* Base */,
			);
			name = LaunchScreen.storyboard;
			sourceTree = "<group>";
		};
/* End PBXVariantGroup section */

/* Begin XCBuildConfiguration section */
		871E3F4022D6C04100094CCA /* Debug */ = {
			isa = XCBuildConfiguration;
			buildSettings = {
				ALWAYS_SEARCH_USER_PATHS = NO;
				CLANG_ANALYZER_NONNULL = YES;
				CLANG_ANALYZER_NUMBER_OBJECT_CONVERSION = YES_AGGRESSIVE;
				CLANG_CXX_LANGUAGE_STANDARD = "gnu++14";
				CLANG_CXX_LIBRARY = "libc++";
				CLANG_ENABLE_MODULES = YES;
				CLANG_ENABLE_OBJC_ARC = YES;
				CLANG_ENABLE_OBJC_WEAK = YES;
				CLANG_WARN_BLOCK_CAPTURE_AUTORELEASING = YES;
				CLANG_WARN_BOOL_CONVERSION = YES;
				CLANG_WARN_COMMA = YES;
				CLANG_WARN_CONSTANT_CONVERSION = YES;
				CLANG_WARN_DEPRECATED_OBJC_IMPLEMENTATIONS = YES;
				CLANG_WARN_DIRECT_OBJC_ISA_USAGE = YES_ERROR;
				CLANG_WARN_DOCUMENTATION_COMMENTS = YES;
				CLANG_WARN_EMPTY_BODY = YES;
				CLANG_WARN_ENUM_CONVERSION = YES;
				CLANG_WARN_INFINITE_RECURSION = YES;
				CLANG_WARN_INT_CONVERSION = YES;
				CLANG_WARN_NON_LITERAL_NULL_CONVERSION = YES;
				CLANG_WARN_OBJC_IMPLICIT_RETAIN_SELF = YES;
				CLANG_WARN_OBJC_LITERAL_CONVERSION = YES;
				CLANG_WARN_OBJC_ROOT_CLASS = YES_ERROR;
				CLANG_WARN_RANGE_LOOP_ANALYSIS = YES;
				CLANG_WARN_STRICT_PROTOTYPES = YES;
				CLANG_WARN_SUSPICIOUS_MOVE = YES;
				CLANG_WARN_UNGUARDED_AVAILABILITY = YES_AGGRESSIVE;
				CLANG_WARN_UNREACHABLE_CODE = YES;
				CLANG_WARN__DUPLICATE_METHOD_MATCH = YES;
				CODE_SIGN_IDENTITY = "iPhone Developer";
				COPY_PHASE_STRIP = NO;
				DEBUG_INFORMATION_FORMAT = dwarf;
				ENABLE_STRICT_OBJC_MSGSEND = YES;
				ENABLE_TESTABILITY = YES;
				GCC_C_LANGUAGE_STANDARD = gnu11;
				GCC_DYNAMIC_NO_PIC = NO;
				GCC_NO_COMMON_BLOCKS = YES;
				GCC_OPTIMIZATION_LEVEL = 0;
				GCC_PREPROCESSOR_DEFINITIONS = (
					"DEBUG=1",
					"$(inherited)",
				);
				GCC_WARN_64_TO_32_BIT_CONVERSION = YES;
				GCC_WARN_ABOUT_RETURN_TYPE = YES_ERROR;
				GCC_WARN_UNDECLARED_SELECTOR = YES;
				GCC_WARN_UNINITIALIZED_AUTOS = YES_AGGRESSIVE;
				GCC_WARN_UNUSED_FUNCTION = YES;
				GCC_WARN_UNUSED_VARIABLE = YES;
				IPHONEOS_DEPLOYMENT_TARGET = 12.2;
				MTL_ENABLE_DEBUG_INFO = INCLUDE_SOURCE;
				MTL_FAST_MATH = YES;
				ONLY_ACTIVE_ARCH = YES;
				SDKROOT = iphoneos;
				SWIFT_ACTIVE_COMPILATION_CONDITIONS = DEBUG;
				SWIFT_OPTIMIZATION_LEVEL = "-Onone";
			};
			name = Debug;
		};
		871E3F4122D6C04100094CCA /* Release */ = {
			isa = XCBuildConfiguration;
			buildSettings = {
				ALWAYS_SEARCH_USER_PATHS = NO;
				CLANG_ANALYZER_NONNULL = YES;
				CLANG_ANALYZER_NUMBER_OBJECT_CONVERSION = YES_AGGRESSIVE;
				CLANG_CXX_LANGUAGE_STANDARD = "gnu++14";
				CLANG_CXX_LIBRARY = "libc++";
				CLANG_ENABLE_MODULES = YES;
				CLANG_ENABLE_OBJC_ARC = YES;
				CLANG_ENABLE_OBJC_WEAK = YES;
				CLANG_WARN_BLOCK_CAPTURE_AUTORELEASING = YES;
				CLANG_WARN_BOOL_CONVERSION = YES;
				CLANG_WARN_COMMA = YES;
				CLANG_WARN_CONSTANT_CONVERSION = YES;
				CLANG_WARN_DEPRECATED_OBJC_IMPLEMENTATIONS = YES;
				CLANG_WARN_DIRECT_OBJC_ISA_USAGE = YES_ERROR;
				CLANG_WARN_DOCUMENTATION_COMMENTS = YES;
				CLANG_WARN_EMPTY_BODY = YES;
				CLANG_WARN_ENUM_CONVERSION = YES;
				CLANG_WARN_INFINITE_RECURSION = YES;
				CLANG_WARN_INT_CONVERSION = YES;
				CLANG_WARN_NON_LITERAL_NULL_CONVERSION = YES;
				CLANG_WARN_OBJC_IMPLICIT_RETAIN_SELF = YES;
				CLANG_WARN_OBJC_LITERAL_CONVERSION = YES;
				CLANG_WARN_OBJC_ROOT_CLASS = YES_ERROR;
				CLANG_WARN_RANGE_LOOP_ANALYSIS = YES;
				CLANG_WARN_STRICT_PROTOTYPES = YES;
				CLANG_WARN_SUSPICIOUS_MOVE = YES;
				CLANG_WARN_UNGUARDED_AVAILABILITY = YES_AGGRESSIVE;
				CLANG_WARN_UNREACHABLE_CODE = YES;
				CLANG_WARN__DUPLICATE_METHOD_MATCH = YES;
				CODE_SIGN_IDENTITY = "iPhone Developer";
				COPY_PHASE_STRIP = NO;
				DEBUG_INFORMATION_FORMAT = "dwarf-with-dsym";
				ENABLE_NS_ASSERTIONS = NO;
				ENABLE_STRICT_OBJC_MSGSEND = YES;
				GCC_C_LANGUAGE_STANDARD = gnu11;
				GCC_NO_COMMON_BLOCKS = YES;
				GCC_WARN_64_TO_32_BIT_CONVERSION = YES;
				GCC_WARN_ABOUT_RETURN_TYPE = YES_ERROR;
				GCC_WARN_UNDECLARED_SELECTOR = YES;
				GCC_WARN_UNINITIALIZED_AUTOS = YES_AGGRESSIVE;
				GCC_WARN_UNUSED_FUNCTION = YES;
				GCC_WARN_UNUSED_VARIABLE = YES;
				IPHONEOS_DEPLOYMENT_TARGET = 12.2;
				MTL_ENABLE_DEBUG_INFO = NO;
				MTL_FAST_MATH = YES;
				SDKROOT = iphoneos;
				SWIFT_COMPILATION_MODE = wholemodule;
				SWIFT_OPTIMIZATION_LEVEL = "-O";
				VALIDATE_PRODUCT = YES;
			};
			name = Release;
		};
		871E3F4322D6C04100094CCA /* Debug */ = {
			isa = XCBuildConfiguration;
			baseConfigurationReference = D967E6A5579338E9A3B72D25 /* Pods-iOS_Challenge.debug.xcconfig */;
			buildSettings = {
				ASSETCATALOG_COMPILER_APPICON_NAME = AppIcon;
				CODE_SIGN_IDENTITY = "iPhone Developer";
				CODE_SIGN_STYLE = Automatic;
				DEVELOPMENT_TEAM = 7Q6B2W96J9;
				ENABLE_BITCODE = NO;
				INFOPLIST_FILE = iOS_Challenge/Info.plist;
				LD_RUNPATH_SEARCH_PATHS = (
					"$(inherited)",
					"@executable_path/Frameworks",
				);
				PRODUCT_BUNDLE_IDENTIFIER = "com.gmail.ao.uw1011.iOS-Challenge";
				PRODUCT_NAME = "$(TARGET_NAME)";
				PROVISIONING_PROFILE_SPECIFIER = "";
				SWIFT_VERSION = 5.0;
				TARGETED_DEVICE_FAMILY = "1,2";
			};
			name = Debug;
		};
		871E3F4422D6C04100094CCA /* Release */ = {
			isa = XCBuildConfiguration;
			baseConfigurationReference = 9C3D8544E106CE8173FA1753 /* Pods-iOS_Challenge.release.xcconfig */;
			buildSettings = {
				ASSETCATALOG_COMPILER_APPICON_NAME = AppIcon;
				CODE_SIGN_IDENTITY = "iPhone Developer";
				CODE_SIGN_STYLE = Automatic;
				DEVELOPMENT_TEAM = 7Q6B2W96J9;
				ENABLE_BITCODE = NO;
				INFOPLIST_FILE = iOS_Challenge/Info.plist;
				LD_RUNPATH_SEARCH_PATHS = (
					"$(inherited)",
					"@executable_path/Frameworks",
				);
				PRODUCT_BUNDLE_IDENTIFIER = "com.gmail.ao.uw1011.iOS-Challenge";
				PRODUCT_NAME = "$(TARGET_NAME)";
				PROVISIONING_PROFILE_SPECIFIER = "";
				SWIFT_VERSION = 5.0;
				TARGETED_DEVICE_FAMILY = "1,2";
			};
			name = Release;
		};
		871E3F4622D6C04100094CCA /* Debug */ = {
			isa = XCBuildConfiguration;
			baseConfigurationReference = A54E5EF645682BCEFBDCAB49 /* Pods-iOS_ChallengeTests.debug.xcconfig */;
			buildSettings = {
				ALWAYS_EMBED_SWIFT_STANDARD_LIBRARIES = YES;
				BUNDLE_LOADER = "$(TEST_HOST)";
				CODE_SIGN_STYLE = Automatic;
				DEVELOPMENT_TEAM = 7Q6B2W96J9;
				INFOPLIST_FILE = iOS_ChallengeTests/Info.plist;
				LD_RUNPATH_SEARCH_PATHS = (
					"$(inherited)",
					"@executable_path/Frameworks",
					"@loader_path/Frameworks",
				);
				PRODUCT_BUNDLE_IDENTIFIER = "com.gmail.ao.uw1011.iOS-ChallengeTests";
				PRODUCT_NAME = "$(TARGET_NAME)";
				SWIFT_VERSION = 5.0;
				TARGETED_DEVICE_FAMILY = "1,2";
				TEST_HOST = "$(BUILT_PRODUCTS_DIR)/iOS_Challenge.app/iOS_Challenge";
			};
			name = Debug;
		};
		871E3F4722D6C04100094CCA /* Release */ = {
			isa = XCBuildConfiguration;
			baseConfigurationReference = 59D629983CD29BB4E841D4C8 /* Pods-iOS_ChallengeTests.release.xcconfig */;
			buildSettings = {
				ALWAYS_EMBED_SWIFT_STANDARD_LIBRARIES = YES;
				BUNDLE_LOADER = "$(TEST_HOST)";
				CODE_SIGN_STYLE = Automatic;
				DEVELOPMENT_TEAM = 7Q6B2W96J9;
				INFOPLIST_FILE = iOS_ChallengeTests/Info.plist;
				LD_RUNPATH_SEARCH_PATHS = (
					"$(inherited)",
					"@executable_path/Frameworks",
					"@loader_path/Frameworks",
				);
				PRODUCT_BUNDLE_IDENTIFIER = "com.gmail.ao.uw1011.iOS-ChallengeTests";
				PRODUCT_NAME = "$(TARGET_NAME)";
				SWIFT_VERSION = 5.0;
				TARGETED_DEVICE_FAMILY = "1,2";
				TEST_HOST = "$(BUILT_PRODUCTS_DIR)/iOS_Challenge.app/iOS_Challenge";
			};
			name = Release;
		};
		871E3F4922D6C04100094CCA /* Debug */ = {
			isa = XCBuildConfiguration;
			baseConfigurationReference = AD5CF064AD10CC0B0ED24C39 /* Pods-iOS_ChallengeUITests.debug.xcconfig */;
			buildSettings = {
				ALWAYS_EMBED_SWIFT_STANDARD_LIBRARIES = YES;
				CODE_SIGN_STYLE = Automatic;
				DEVELOPMENT_TEAM = 7Q6B2W96J9;
				INFOPLIST_FILE = iOS_ChallengeUITests/Info.plist;
				LD_RUNPATH_SEARCH_PATHS = (
					"$(inherited)",
					"@executable_path/Frameworks",
					"@loader_path/Frameworks",
				);
				PRODUCT_BUNDLE_IDENTIFIER = "com.gmail.ao.uw1011.iOS-ChallengeUITests";
				PRODUCT_NAME = "$(TARGET_NAME)";
				SWIFT_VERSION = 5.0;
				TARGETED_DEVICE_FAMILY = "1,2";
				TEST_TARGET_NAME = iOS_Challenge;
			};
			name = Debug;
		};
		871E3F4A22D6C04100094CCA /* Release */ = {
			isa = XCBuildConfiguration;
			baseConfigurationReference = 0E72889694B6C71DEB7EFB42 /* Pods-iOS_ChallengeUITests.release.xcconfig */;
			buildSettings = {
				ALWAYS_EMBED_SWIFT_STANDARD_LIBRARIES = YES;
				CODE_SIGN_STYLE = Automatic;
				DEVELOPMENT_TEAM = 7Q6B2W96J9;
				INFOPLIST_FILE = iOS_ChallengeUITests/Info.plist;
				LD_RUNPATH_SEARCH_PATHS = (
					"$(inherited)",
					"@executable_path/Frameworks",
					"@loader_path/Frameworks",
				);
				PRODUCT_BUNDLE_IDENTIFIER = "com.gmail.ao.uw1011.iOS-ChallengeUITests";
				PRODUCT_NAME = "$(TARGET_NAME)";
				SWIFT_VERSION = 5.0;
				TARGETED_DEVICE_FAMILY = "1,2";
				TEST_TARGET_NAME = iOS_Challenge;
			};
			name = Release;
		};
/* End XCBuildConfiguration section */

/* Begin XCConfigurationList section */
		871E3F1522D6C04000094CCA /* Build configuration list for PBXProject "iOS_Challenge" */ = {
			isa = XCConfigurationList;
			buildConfigurations = (
				871E3F4022D6C04100094CCA /* Debug */,
				871E3F4122D6C04100094CCA /* Release */,
			);
			defaultConfigurationIsVisible = 0;
			defaultConfigurationName = Release;
		};
		871E3F4222D6C04100094CCA /* Build configuration list for PBXNativeTarget "iOS_Challenge" */ = {
			isa = XCConfigurationList;
			buildConfigurations = (
				871E3F4322D6C04100094CCA /* Debug */,
				871E3F4422D6C04100094CCA /* Release */,
			);
			defaultConfigurationIsVisible = 0;
			defaultConfigurationName = Release;
		};
		871E3F4522D6C04100094CCA /* Build configuration list for PBXNativeTarget "iOS_ChallengeTests" */ = {
			isa = XCConfigurationList;
			buildConfigurations = (
				871E3F4622D6C04100094CCA /* Debug */,
				871E3F4722D6C04100094CCA /* Release */,
			);
			defaultConfigurationIsVisible = 0;
			defaultConfigurationName = Release;
		};
		871E3F4822D6C04100094CCA /* Build configuration list for PBXNativeTarget "iOS_ChallengeUITests" */ = {
			isa = XCConfigurationList;
			buildConfigurations = (
				871E3F4922D6C04100094CCA /* Debug */,
				871E3F4A22D6C04100094CCA /* Release */,
			);
			defaultConfigurationIsVisible = 0;
			defaultConfigurationName = Release;
		};
/* End XCConfigurationList section */
	};
	rootObject = 871E3F1222D6C04000094CCA /* Project object */;
}
